// !$*UTF8*$!
{
	archiveVersion = 1;
	classes = {
	};
	objectVersion = 46;
	objects = {

/* Begin PBXBuildFile section */
		153CE104056FBB0A312ADBF4 /* Theme.swift in Sources */ = {isa = PBXBuildFile; fileRef = D233C7B7AF5F296A9F5DF70C /* Theme.swift */; };
		210B9BE153D5686089135A68 /* NativeNotifications.swift in Sources */ = {isa = PBXBuildFile; fileRef = 6B0985F8115CEB836CD010E9 /* NativeNotifications.swift */; };
		2FB88824D218D6723CF98661 /* Models.swift in Sources */ = {isa = PBXBuildFile; fileRef = E44436B706812F76F19B3078 /* Models.swift */; };
		426A80AB8CDF6781ED014719 /* SupportingFeatureSheets.swift in Sources */ = {isa = PBXBuildFile; fileRef = FA8D378593067C7774568255 /* SupportingFeatureSheets.swift */; };
		4D30AF05C99DB4500B6EABFF /* GitHubSkillImportView.swift in Sources */ = {isa = PBXBuildFile; fileRef = 6CFD41EB989618792524A7C0 /* GitHubSkillImportView.swift */; };
		538182FD02180A556AF59297 /* APIClient.swift in Sources */ = {isa = PBXBuildFile; fileRef = F713879F74E02CE9C58A0BC6 /* APIClient.swift */; };
		6A340DF1A18914BB14F9A724 /* MarkdownMessageView.swift in Sources */ = {isa = PBXBuildFile; fileRef = 3C0D9AA080CFDA3657F94E3E /* MarkdownMessageView.swift */; };
		6AB59CEB2A764DFE52B601E2 /* DictationModel.swift in Sources */ = {isa = PBXBuildFile; fileRef = 78ACC166CE615803B645EBD2 /* DictationModel.swift */; };
		7789868ACFC7E5E134449268 /* AuthSession.swift in Sources */ = {isa = PBXBuildFile; fileRef = EA1A725092DDF2FA01E7B026 /* AuthSession.swift */; };
		8A80DB63EC6014D6B058786A /* Foundation.framework in Frameworks */ = {isa = PBXBuildFile; fileRef = ACEE5073802BEA1E8D05A127 /* Foundation.framework */; };
		8E9CA97FF222D2D5B517583C /* Assets.xcassets in Resources */ = {isa = PBXBuildFile; fileRef = B3B2B4FB606F69FC6CF2DE59 /* Assets.xcassets */; };
		9506F0E04D2073B08BBD769C /* ProviderLogoView.swift in Sources */ = {isa = PBXBuildFile; fileRef = 2F946FE1E5CF94F5D1642209 /* ProviderLogoView.swift */; };
		9835197B92524B5B3048322B /* AppModel.swift in Sources */ = {isa = PBXBuildFile; fileRef = 21C8A0FBCA9E0FF4B234CD48 /* AppModel.swift */; };
		98A52F04A63F6C9E12A7E960 /* amplify_outputs.json in Resources */ = {isa = PBXBuildFile; fileRef = 789C95911A12F3E302C92BA4 /* amplify_outputs.json */; };
		B688E12A6753AFEA4E1532A7 /* FroggyBotNemotron in Frameworks */ = {isa = PBXBuildFile; productRef = B557F71A73B2C6CE0D2DD89A /* FroggyBotNemotron */; };
		B8695991EE1C57BAFCA4C3CC /* MainView.swift in Sources */ = {isa = PBXBuildFile; fileRef = D5023CBF8EAAA765BCCE8240 /* MainView.swift */; };
		C17FC0598412AD5E0BA1DF36 /* PrivacyInfo.xcprivacy in Resources */ = {isa = PBXBuildFile; fileRef = 14E8E27DB2E067DE717C9DC6 /* PrivacyInfo.xcprivacy */; };
		C9C6AC4A3540461DD99C2421 /* BrowserHandoffView.swift in Sources */ = {isa = PBXBuildFile; fileRef = 9E318C972593FE8154ADF160 /* BrowserHandoffView.swift */; };
		DC644A3F481CCF9025B32C5D /* Foundation.framework in Frameworks */ = {isa = PBXBuildFile; fileRef = ACEE5073802BEA1E8D05A127 /* Foundation.framework */; };
		DDB0D0B6075B9BC01FD8C081 /* APIRoutes.generated.swift in Sources */ = {isa = PBXBuildFile; fileRef = 91C4A18B5E5B1F393CB73CD9 /* APIRoutes.generated.swift */; };
		E10F735A44C7160B1D5D64B8 /* FroggyBotAppleUITests.swift in Sources */ = {isa = PBXBuildFile; fileRef = BD7FB6177EC6C14D2F169CD8 /* FroggyBotAppleUITests.swift */; };
		E4AB6B000C918188323EB038 /* FroggyBotAppleTests.swift in Sources */ = {isa = PBXBuildFile; fileRef = 2F858BE321290A44566D9567 /* FroggyBotAppleTests.swift */; };
		E74B5240ABBC4F3D03508FB9 /* Foundation.framework in Frameworks */ = {isa = PBXBuildFile; fileRef = ACEE5073802BEA1E8D05A127 /* Foundation.framework */; };
		F018AD8B9D92A17074C3FF6C /* AuthView.swift in Sources */ = {isa = PBXBuildFile; fileRef = 50CD040E1DF7A5297C86153B /* AuthView.swift */; };
		FA701333A5D05C211A59ECBE /* FeatureSheets.swift in Sources */ = {isa = PBXBuildFile; fileRef = 7C3F35AF3D9130FCA6170753 /* FeatureSheets.swift */; };
		FB86BE411361D802A0E60F41 /* FroggyBotAppleApp.swift in Sources */ = {isa = PBXBuildFile; fileRef = 2CCDCC1A68EA656032104AFB /* FroggyBotAppleApp.swift */; };
/* End PBXBuildFile section */

/* Begin PBXContainerItemProxy section */
		487778B6244029D929985B64 /* PBXContainerItemProxy */ = {
			isa = PBXContainerItemProxy;
			containerPortal = 4EA4B6AC37D67E374E4B11BD /* Project object */;
			proxyType = 1;
			remoteGlobalIDString = 6AD0B44C2AB2DFF840F8DF30;
			remoteInfo = FroggyBotApple;
		};
		9FCBE469CB19029B29989C62 /* PBXContainerItemProxy */ = {
			isa = PBXContainerItemProxy;
			containerPortal = 4EA4B6AC37D67E374E4B11BD /* Project object */;
			proxyType = 1;
			remoteGlobalIDString = 6AD0B44C2AB2DFF840F8DF30;
			remoteInfo = FroggyBotApple;
		};
/* End PBXContainerItemProxy section */

/* Begin PBXFileReference section */
		14E8E27DB2E067DE717C9DC6 /* PrivacyInfo.xcprivacy */ = {isa = PBXFileReference; includeInIndex = 1; name = PrivacyInfo.xcprivacy; path = Resources/PrivacyInfo.xcprivacy; sourceTree = "<group>"; };
		21C8A0FBCA9E0FF4B234CD48 /* AppModel.swift */ = {isa = PBXFileReference; includeInIndex = 1; lastKnownFileType = sourcecode.swift; name = AppModel.swift; path = Sources/FroggyBotCore/AppModel.swift; sourceTree = "<group>"; };
		2CCDCC1A68EA656032104AFB /* FroggyBotAppleApp.swift */ = {isa = PBXFileReference; includeInIndex = 1; lastKnownFileType = sourcecode.swift; name = FroggyBotAppleApp.swift; path = App/FroggyBotAppleApp.swift; sourceTree = "<group>"; };
		2F858BE321290A44566D9567 /* FroggyBotAppleTests.swift */ = {isa = PBXFileReference; includeInIndex = 1; lastKnownFileType = sourcecode.swift; name = FroggyBotAppleTests.swift; path = Tests/FroggyBotAppleTests.swift; sourceTree = "<group>"; };
		2F946FE1E5CF94F5D1642209 /* ProviderLogoView.swift */ = {isa = PBXFileReference; includeInIndex = 1; lastKnownFileType = sourcecode.swift; name = ProviderLogoView.swift; path = Sources/FroggyBotUI/ProviderLogoView.swift; sourceTree = "<group>"; };
		36D21D3A6A00B46554CD6C1A /* FroggyBot-macOS-Release.entitlements */ = {isa = PBXFileReference; includeInIndex = 1; lastKnownFileType = text.plist.entitlements; name = "FroggyBot-macOS-Release.entitlements"; path = "Resources/FroggyBot-macOS-Release.entitlements"; sourceTree = "<group>"; };
		3C0D9AA080CFDA3657F94E3E /* MarkdownMessageView.swift */ = {isa = PBXFileReference; includeInIndex = 1; lastKnownFileType = sourcecode.swift; name = MarkdownMessageView.swift; path = Sources/FroggyBotUI/MarkdownMessageView.swift; sourceTree = "<group>"; };
		4504C9CD8519F0437246DB31 /* FroggyBot-iOS-Release.entitlements */ = {isa = PBXFileReference; includeInIndex = 1; lastKnownFileType = text.plist.entitlements; name = "FroggyBot-iOS-Release.entitlements"; path = "Resources/FroggyBot-iOS-Release.entitlements"; sourceTree = "<group>"; };
		50CD040E1DF7A5297C86153B /* AuthView.swift */ = {isa = PBXFileReference; includeInIndex = 1; lastKnownFileType = sourcecode.swift; name = AuthView.swift; path = Sources/FroggyBotUI/AuthView.swift; sourceTree = "<group>"; };
		6CFD41EB989618792524A7C0 /* GitHubSkillImportView.swift */ = {isa = PBXFileReference; includeInIndex = 1; lastKnownFileType = sourcecode.swift; name = GitHubSkillImportView.swift; path = Sources/FroggyBotUI/GitHubSkillImportView.swift; sourceTree = "<group>"; };
		6B0985F8115CEB836CD010E9 /* NativeNotifications.swift */ = {isa = PBXFileReference; includeInIndex = 1; lastKnownFileType = sourcecode.swift; name = NativeNotifications.swift; path = Sources/FroggyBotPlatform/NativeNotifications.swift; sourceTree = "<group>"; };
		7819A342AF0D4579EB19000E /* Info.plist */ = {isa = PBXFileReference; includeInIndex = 1; lastKnownFileType = text.plist.xml; name = Info.plist; path = Resources/Info.plist; sourceTree = "<group>"; };
		789C95911A12F3E302C92BA4 /* amplify_outputs.json */ = {isa = PBXFileReference; includeInIndex = 1; name = amplify_outputs.json; path = Resources/amplify_outputs.json; sourceTree = "<group>"; };
		78ACC166CE615803B645EBD2 /* DictationModel.swift */ = {isa = PBXFileReference; includeInIndex = 1; lastKnownFileType = sourcecode.swift; name = DictationModel.swift; path = Sources/FroggyBotPlatform/DictationModel.swift; sourceTree = "<group>"; };
		7C3F35AF3D9130FCA6170753 /* FeatureSheets.swift */ = {isa = PBXFileReference; includeInIndex = 1; lastKnownFileType = sourcecode.swift; name = FeatureSheets.swift; path = Sources/FroggyBotUI/FeatureSheets.swift; sourceTree = "<group>"; };
		7E4E63ECE6949BB7C8784440 /* FroggyBot-macOS.entitlements */ = {isa = PBXFileReference; includeInIndex = 1; lastKnownFileType = text.plist.entitlements; name = "FroggyBot-macOS.entitlements"; path = "Resources/FroggyBot-macOS.entitlements"; sourceTree = "<group>"; };
		91C4A18B5E5B1F393CB73CD9 /* APIRoutes.generated.swift */ = {isa = PBXFileReference; includeInIndex = 1; lastKnownFileType = sourcecode.swift; name = APIRoutes.generated.swift; path = Sources/FroggyBotCore/APIRoutes.generated.swift; sourceTree = "<group>"; };
		9E318C972593FE8154ADF160 /* BrowserHandoffView.swift */ = {isa = PBXFileReference; includeInIndex = 1; lastKnownFileType = sourcecode.swift; name = BrowserHandoffView.swift; path = Sources/FroggyBotUI/BrowserHandoffView.swift; sourceTree = "<group>"; };
		A981570B7BDF7961BD8A80B3 /* FroggyBotAppleUITests.xctest */ = {isa = PBXFileReference; explicitFileType = wrapper.cfbundle; includeInIndex = 0; path = FroggyBotAppleUITests.xctest; sourceTree = BUILT_PRODUCTS_DIR; };
		ACCFC74D0F56BED1CE397FFF /* FroggyBot-iOS.entitlements */ = {isa = PBXFileReference; includeInIndex = 1; lastKnownFileType = text.plist.entitlements; name = "FroggyBot-iOS.entitlements"; path = "Resources/FroggyBot-iOS.entitlements"; sourceTree = "<group>"; };
		ACEE5073802BEA1E8D05A127 /* Foundation.framework */ = {isa = PBXFileReference; lastKnownFileType = wrapper.framework; name = Foundation.framework; path = Platforms/iPhoneOS.platform/Developer/SDKs/iPhoneOS26.0.sdk/System/Library/Frameworks/Foundation.framework; sourceTree = DEVELOPER_DIR; };
		B3B2B4FB606F69FC6CF2DE59 /* Assets.xcassets */ = {isa = PBXFileReference; includeInIndex = 1; lastKnownFileType = folder.assetcatalog; name = Assets.xcassets; path = Resources/Assets.xcassets; sourceTree = "<group>"; };
		BD7FB6177EC6C14D2F169CD8 /* FroggyBotAppleUITests.swift */ = {isa = PBXFileReference; includeInIndex = 1; lastKnownFileType = sourcecode.swift; name = FroggyBotAppleUITests.swift; path = UITests/FroggyBotAppleUITests.swift; sourceTree = "<group>"; };
		D233C7B7AF5F296A9F5DF70C /* Theme.swift */ = {isa = PBXFileReference; includeInIndex = 1; lastKnownFileType = sourcecode.swift; name = Theme.swift; path = Sources/FroggyBotUI/Theme.swift; sourceTree = "<group>"; };
		D5023CBF8EAAA765BCCE8240 /* MainView.swift */ = {isa = PBXFileReference; includeInIndex = 1; lastKnownFileType = sourcecode.swift; name = MainView.swift; path = Sources/FroggyBotUI/MainView.swift; sourceTree = "<group>"; };
		E44436B706812F76F19B3078 /* Models.swift */ = {isa = PBXFileReference; includeInIndex = 1; lastKnownFileType = sourcecode.swift; name = Models.swift; path = Sources/FroggyBotCore/Models.swift; sourceTree = "<group>"; };
		EA1A725092DDF2FA01E7B026 /* AuthSession.swift */ = {isa = PBXFileReference; includeInIndex = 1; lastKnownFileType = sourcecode.swift; name = AuthSession.swift; path = Sources/FroggyBotPlatform/AuthSession.swift; sourceTree = "<group>"; };
		ED663D0DDDF0A45392EAFAC5 /* FroggyBotAppleTests.xctest */ = {isa = PBXFileReference; explicitFileType = wrapper.cfbundle; includeInIndex = 0; path = FroggyBotAppleTests.xctest; sourceTree = BUILT_PRODUCTS_DIR; };
		F713879F74E02CE9C58A0BC6 /* APIClient.swift */ = {isa = PBXFileReference; includeInIndex = 1; lastKnownFileType = sourcecode.swift; name = APIClient.swift; path = Sources/FroggyBotCore/APIClient.swift; sourceTree = "<group>"; };
		FA8D378593067C7774568255 /* SupportingFeatureSheets.swift */ = {isa = PBXFileReference; includeInIndex = 1; lastKnownFileType = sourcecode.swift; name = SupportingFeatureSheets.swift; path = Sources/FroggyBotUI/SupportingFeatureSheets.swift; sourceTree = "<group>"; };
		FBA357194140F4B5456AF9B9 /* FroggyBotApple.app */ = {isa = PBXFileReference; explicitFileType = wrapper.application; includeInIndex = 0; path = FroggyBotApple.app; sourceTree = BUILT_PRODUCTS_DIR; };
/* End PBXFileReference section */

/* Begin PBXFrameworksBuildPhase section */
		2C1FB4A24ED10E27BD9728D2 /* Frameworks */ = {
			isa = PBXFrameworksBuildPhase;
			buildActionMask = 2147483647;
			files = (
				DC644A3F481CCF9025B32C5D /* Foundation.framework in Frameworks */,
			);
			runOnlyForDeploymentPostprocessing = 0;
		};
		8B9BAF831A3989E53366969B /* Frameworks */ = {
			isa = PBXFrameworksBuildPhase;
			buildActionMask = 2147483647;
			files = (
				8A80DB63EC6014D6B058786A /* Foundation.framework in Frameworks */,
			);
			runOnlyForDeploymentPostprocessing = 0;
		};
		C576A528962C84F721618B79 /* Frameworks */ = {
			isa = PBXFrameworksBuildPhase;
			buildActionMask = 2147483647;
			files = (
				E74B5240ABBC4F3D03508FB9 /* Foundation.framework in Frameworks */,
				B688E12A6753AFEA4E1532A7 /* FroggyBotNemotron in Frameworks */,
			);
			runOnlyForDeploymentPostprocessing = 0;
		};
/* End PBXFrameworksBuildPhase section */

/* Begin PBXGroup section */
		267094C3D7141C6313AD1812 /* Products */ = {
			isa = PBXGroup;
			children = (
				FBA357194140F4B5456AF9B9 /* FroggyBotApple.app */,
				ED663D0DDDF0A45392EAFAC5 /* FroggyBotAppleTests.xctest */,
				A981570B7BDF7961BD8A80B3 /* FroggyBotAppleUITests.xctest */,
			);
			name = Products;
			sourceTree = "<group>";
		};
		651C4EBE81A9DCB95A37AD11 = {
			isa = PBXGroup;
			children = (
				267094C3D7141C6313AD1812 /* Products */,
				B0E1DDBF28FD9ED4A5351174 /* Frameworks */,
				2CCDCC1A68EA656032104AFB /* FroggyBotAppleApp.swift */,
				F713879F74E02CE9C58A0BC6 /* APIClient.swift */,
				91C4A18B5E5B1F393CB73CD9 /* APIRoutes.generated.swift */,
				21C8A0FBCA9E0FF4B234CD48 /* AppModel.swift */,
				E44436B706812F76F19B3078 /* Models.swift */,
				EA1A725092DDF2FA01E7B026 /* AuthSession.swift */,
				78ACC166CE615803B645EBD2 /* DictationModel.swift */,
				6B0985F8115CEB836CD010E9 /* NativeNotifications.swift */,
				50CD040E1DF7A5297C86153B /* AuthView.swift */,
				9E318C972593FE8154ADF160 /* BrowserHandoffView.swift */,
				7C3F35AF3D9130FCA6170753 /* FeatureSheets.swift */,
				6CFD41EB989618792524A7C0 /* GitHubSkillImportView.swift */,
				D5023CBF8EAAA765BCCE8240 /* MainView.swift */,
				3C0D9AA080CFDA3657F94E3E /* MarkdownMessageView.swift */,
				2F946FE1E5CF94F5D1642209 /* ProviderLogoView.swift */,
				FA8D378593067C7774568255 /* SupportingFeatureSheets.swift */,
				D233C7B7AF5F296A9F5DF70C /* Theme.swift */,
				789C95911A12F3E302C92BA4 /* amplify_outputs.json */,
				14E8E27DB2E067DE717C9DC6 /* PrivacyInfo.xcprivacy */,
				B3B2B4FB606F69FC6CF2DE59 /* Assets.xcassets */,
				7819A342AF0D4579EB19000E /* Info.plist */,
				ACCFC74D0F56BED1CE397FFF /* FroggyBot-iOS.entitlements */,
				4504C9CD8519F0437246DB31 /* FroggyBot-iOS-Release.entitlements */,
				7E4E63ECE6949BB7C8784440 /* FroggyBot-macOS.entitlements */,
				36D21D3A6A00B46554CD6C1A /* FroggyBot-macOS-Release.entitlements */,
				2F858BE321290A44566D9567 /* FroggyBotAppleTests.swift */,
				BD7FB6177EC6C14D2F169CD8 /* FroggyBotAppleUITests.swift */,
			);
			sourceTree = "<group>";
		};
		81B2B8DEBA3EC5EFD3BF65A6 /* iOS */ = {
			isa = PBXGroup;
			children = (
				ACEE5073802BEA1E8D05A127 /* Foundation.framework */,
			);
			name = iOS;
			sourceTree = "<group>";
		};
		B0E1DDBF28FD9ED4A5351174 /* Frameworks */ = {
			isa = PBXGroup;
			children = (
				81B2B8DEBA3EC5EFD3BF65A6 /* iOS */,
			);
			name = Frameworks;
			sourceTree = "<group>";
		};
/* End PBXGroup section */

/* Begin PBXNativeTarget section */
		6AD0B44C2AB2DFF840F8DF30 /* FroggyBotApple */ = {
			isa = PBXNativeTarget;
			buildConfigurationList = 8F0C99EBEA37A84F66C88C42 /* Build configuration list for PBXNativeTarget "FroggyBotApple" */;
			buildPhases = (
				87CE4B0A721A700816C71E8C /* Sources */,
				C576A528962C84F721618B79 /* Frameworks */,
				5399D8652358A9A9C3040803 /* Resources */,
				574D0707F9E3A24B1486ED87 /* Remove unused static speech framework wrappers */,
			);
			buildRules = (
			);
			dependencies = (
			);
			name = FroggyBotApple;
			packageProductDependencies = (
				B557F71A73B2C6CE0D2DD89A /* FroggyBotNemotron */,
			);
			productName = FroggyBotApple;
			productReference = FBA357194140F4B5456AF9B9 /* FroggyBotApple.app */;
			productType = "com.apple.product-type.application";
		};
		A2F0AD33B91944DC8EACF7D2 /* FroggyBotAppleTests */ = {
			isa = PBXNativeTarget;
			buildConfigurationList = D16CAEF3256F86130888F3CE /* Build configuration list for PBXNativeTarget "FroggyBotAppleTests" */;
			buildPhases = (
				10312A7CE6871BC2FEC0D2E1 /* Sources */,
				2C1FB4A24ED10E27BD9728D2 /* Frameworks */,
				0E91B5AACEEDEEE6504CD8BC /* Resources */,
			);
			buildRules = (
			);
			dependencies = (
				928C5B957EB475E546C5CC91 /* PBXTargetDependency */,
			);
			name = FroggyBotAppleTests;
			productName = FroggyBotAppleTests;
			productReference = ED663D0DDDF0A45392EAFAC5 /* FroggyBotAppleTests.xctest */;
			productType = "com.apple.product-type.bundle.unit-test";
		};
		C901B8D33CBBB64A359FBA46 /* FroggyBotAppleUITests */ = {
			isa = PBXNativeTarget;
			buildConfigurationList = A9260057D2C1AE7C691EF159 /* Build configuration list for PBXNativeTarget "FroggyBotAppleUITests" */;
			buildPhases = (
				C093344DF4FB7B83C606A861 /* Sources */,
				8B9BAF831A3989E53366969B /* Frameworks */,
				00C7C752F41E1BAB5F1025B1 /* Resources */,
			);
			buildRules = (
			);
			dependencies = (
				ECF9827393A8CBEC0D5BFA6A /* PBXTargetDependency */,
			);
			name = FroggyBotAppleUITests;
			productName = FroggyBotAppleUITests;
			productReference = A981570B7BDF7961BD8A80B3 /* FroggyBotAppleUITests.xctest */;
			productType = "com.apple.product-type.bundle.ui-testing";
		};
/* End PBXNativeTarget section */

/* Begin PBXProject section */
		4EA4B6AC37D67E374E4B11BD /* Project object */ = {
			isa = PBXProject;
			attributes = {
				LastSwiftUpdateCheck = 2660;
				LastUpgradeCheck = 2660;
			};
			buildConfigurationList = 409EF401799EB2DFC02AC416 /* Build configuration list for PBXProject "FroggyBotApple" */;
			compatibilityVersion = "Xcode 3.2";
			developmentRegion = en;
			hasScannedForEncodings = 0;
			knownRegions = (
				en,
				Base,
			);
			mainGroup = 651C4EBE81A9DCB95A37AD11;
			minimizedProjectReferenceProxies = 0;
			packageReferences = (
				E9C4252FE8BEE4C2A309FA5D /* XCLocalSwiftPackageReference "frogbot-transcription" */,
			);
			preferredProjectObjectVersion = 100;
			productRefGroup = 267094C3D7141C6313AD1812 /* Products */;
			projectDirPath = "";
			projectRoot = "";
			targets = (
				6AD0B44C2AB2DFF840F8DF30 /* FroggyBotApple */,
				A2F0AD33B91944DC8EACF7D2 /* FroggyBotAppleTests */,
				C901B8D33CBBB64A359FBA46 /* FroggyBotAppleUITests */,
			);
		};
/* End PBXProject section */

/* Begin PBXResourcesBuildPhase section */
		00C7C752F41E1BAB5F1025B1 /* Resources */ = {
			isa = PBXResourcesBuildPhase;
			buildActionMask = 2147483647;
			files = (
			);
			runOnlyForDeploymentPostprocessing = 0;
		};
		0E91B5AACEEDEEE6504CD8BC /* Resources */ = {
			isa = PBXResourcesBuildPhase;
			buildActionMask = 2147483647;
			files = (
			);
			runOnlyForDeploymentPostprocessing = 0;
		};
		5399D8652358A9A9C3040803 /* Resources */ = {
			isa = PBXResourcesBuildPhase;
			buildActionMask = 2147483647;
			files = (
				98A52F04A63F6C9E12A7E960 /* amplify_outputs.json in Resources */,
				C17FC0598412AD5E0BA1DF36 /* PrivacyInfo.xcprivacy in Resources */,
				8E9CA97FF222D2D5B517583C /* Assets.xcassets in Resources */,
			);
			runOnlyForDeploymentPostprocessing = 0;
		};
/* End PBXResourcesBuildPhase section */

/* Begin PBXShellScriptBuildPhase section */
		574D0707F9E3A24B1486ED87 /* Remove unused static speech framework wrappers */ = {
			isa = PBXShellScriptBuildPhase;
			alwaysOutOfDate = 1;
			buildActionMask = 2147483647;
			files = (
			);
			inputFileListPaths = (
			);
			inputPaths = (
			);
			name = "Remove unused static speech framework wrappers";
			outputFileListPaths = (
			);
			outputPaths = (
			);
			runOnlyForDeploymentPostprocessing = 0;
			shellPath = /bin/sh;
			shellScript = "# The libraries are already linked into the app binary; remove only copied wrappers.\ncase \"$PLATFORM_NAME\" in\n  iphoneos|macosx)\n    for framework_name in onnxruntime SherpaOnnxC; do\n      framework_path=\"$TARGET_BUILD_DIR/$FRAMEWORKS_FOLDER_PATH/$framework_name.framework\"\n      if [ -d \"$framework_path\" ]; then\n        /usr/bin/find \"$framework_path\" -depth -delete\n      fi\n    done\n    ;;\nesac\n";
		};
/* End PBXShellScriptBuildPhase section */

/* Begin PBXSourcesBuildPhase section */
		10312A7CE6871BC2FEC0D2E1 /* Sources */ = {
			isa = PBXSourcesBuildPhase;
			buildActionMask = 2147483647;
			files = (
				E4AB6B000C918188323EB038 /* FroggyBotAppleTests.swift in Sources */,
			);
			runOnlyForDeploymentPostprocessing = 0;
		};
		87CE4B0A721A700816C71E8C /* Sources */ = {
			isa = PBXSourcesBuildPhase;
			buildActionMask = 2147483647;
			files = (
				FB86BE411361D802A0E60F41 /* FroggyBotAppleApp.swift in Sources */,
				538182FD02180A556AF59297 /* APIClient.swift in Sources */,
				DDB0D0B6075B9BC01FD8C081 /* APIRoutes.generated.swift in Sources */,
				9835197B92524B5B3048322B /* AppModel.swift in Sources */,
				2FB88824D218D6723CF98661 /* Models.swift in Sources */,
				7789868ACFC7E5E134449268 /* AuthSession.swift in Sources */,
				6AB59CEB2A764DFE52B601E2 /* DictationModel.swift in Sources */,
				210B9BE153D5686089135A68 /* NativeNotifications.swift in Sources */,
				F018AD8B9D92A17074C3FF6C /* AuthView.swift in Sources */,
				C9C6AC4A3540461DD99C2421 /* BrowserHandoffView.swift in Sources */,
				FA701333A5D05C211A59ECBE /* FeatureSheets.swift in Sources */,
				4D30AF05C99DB4500B6EABFF /* GitHubSkillImportView.swift in Sources */,
				B8695991EE1C57BAFCA4C3CC /* MainView.swift in Sources */,
				6A340DF1A18914BB14F9A724 /* MarkdownMessageView.swift in Sources */,
				9506F0E04D2073B08BBD769C /* ProviderLogoView.swift in Sources */,
				426A80AB8CDF6781ED014719 /* SupportingFeatureSheets.swift in Sources */,
				153CE104056FBB0A312ADBF4 /* Theme.swift in Sources */,
			);
			runOnlyForDeploymentPostprocessing = 0;
		};
		C093344DF4FB7B83C606A861 /* Sources */ = {
			isa = PBXSourcesBuildPhase;
			buildActionMask = 2147483647;
			files = (
				E10F735A44C7160B1D5D64B8 /* FroggyBotAppleUITests.swift in Sources */,
			);
			runOnlyForDeploymentPostprocessing = 0;
		};
/* End PBXSourcesBuildPhase section */

/* Begin PBXTargetDependency section */
		928C5B957EB475E546C5CC91 /* PBXTargetDependency */ = {
			isa = PBXTargetDependency;
			name = FroggyBotApple;
			target = 6AD0B44C2AB2DFF840F8DF30 /* FroggyBotApple */;
			targetProxy = 9FCBE469CB19029B29989C62 /* PBXContainerItemProxy */;
		};
		ECF9827393A8CBEC0D5BFA6A /* PBXTargetDependency */ = {
			isa = PBXTargetDependency;
			name = FroggyBotApple;
			target = 6AD0B44C2AB2DFF840F8DF30 /* FroggyBotApple */;
			targetProxy = 487778B6244029D929985B64 /* PBXContainerItemProxy */;
		};
/* End PBXTargetDependency section */

/* Begin XCBuildConfiguration section */
		56747F23DE1FDBBC92980D7F /* Debug */ = {
			isa = XCBuildConfiguration;
			buildSettings = {
				ASSETCATALOG_COMPILER_APPICON_NAME = AppIcon;
				ASSETCATALOG_COMPILER_GLOBAL_ACCENT_COLOR_NAME = AccentColor;
				CLANG_ENABLE_MODULES = YES;
				CLANG_ENABLE_OBJC_WEAK = NO;
				"CODE_SIGN_ENTITLEMENTS[sdk=iphoneos*]" = "Resources/FroggyBot-iOS.entitlements";
				"CODE_SIGN_ENTITLEMENTS[sdk=iphonesimulator*]" = "Resources/FroggyBot-iOS.entitlements";
				"CODE_SIGN_ENTITLEMENTS[sdk=macosx*]" = "Resources/FroggyBot-macOS.entitlements";
				CURRENT_PROJECT_VERSION = 202609130148;
				"ENABLE_APP_SANDBOX[sdk=macosx*]" = YES;
				"ENABLE_HARDENED_RUNTIME[sdk=macosx*]" = YES;
				ENABLE_USER_SCRIPT_SANDBOXING = YES;
				"ENABLE_USER_SCRIPT_SANDBOXING[sdk=iphoneos*]" = NO;
				"ENABLE_USER_SCRIPT_SANDBOXING[sdk=macosx*]" = NO;
				INFOPLIST_FILE = Resources/Info.plist;
				IPHONEOS_DEPLOYMENT_TARGET = 17.0;
				LD_RUNPATH_SEARCH_PATHS = "$(inherited) @executable_path/Frameworks";
				MACOSX_DEPLOYMENT_TARGET = 14.0;
				MARKETING_VERSION = 6.0.0;
				PRODUCT_BUNDLE_IDENTIFIER = com.frogbot.app;
				PRODUCT_MODULE_NAME = FroggyBotApple;
				PRODUCT_NAME = FroggyBot;
				REGISTER_APP_GROUPS = NO;
				SDKROOT = auto;
				SUPPORTED_PLATFORMS = "iphoneos iphonesimulator macosx";
				SWIFT_STRICT_CONCURRENCY = complete;
				SWIFT_VERSION = 6.0;
				TARGETED_DEVICE_FAMILY = 1;
			};
			name = Debug;
		};
		5DAFE5BC0C4FF5BAB15443FC /* Debug */ = {
			isa = XCBuildConfiguration;
			buildSettings = {
				BUNDLE_LOADER = "$(TEST_HOST)";
				CLANG_ENABLE_MODULES = YES;
				CLANG_ENABLE_OBJC_WEAK = NO;
				ENABLE_USER_SCRIPT_SANDBOXING = YES;
				GENERATE_INFOPLIST_FILE = YES;
				IPHONEOS_DEPLOYMENT_TARGET = 17.0;
				MACOSX_DEPLOYMENT_TARGET = 14.0;
				PRODUCT_BUNDLE_IDENTIFIER = com.frogbot.app.tests;
				SDKROOT = auto;
				SUPPORTED_PLATFORMS = "iphoneos iphonesimulator macosx";
				SWIFT_STRICT_CONCURRENCY = complete;
				SWIFT_VERSION = 6.0;
				TARGETED_DEVICE_FAMILY = 1;
				"TEST_HOST[sdk=iphoneos*]" = "$(BUILT_PRODUCTS_DIR)/FroggyBot.app/FroggyBot";
				"TEST_HOST[sdk=iphonesimulator*]" = "$(BUILT_PRODUCTS_DIR)/FroggyBot.app/FroggyBot";
				"TEST_HOST[sdk=macosx*]" = "$(BUILT_PRODUCTS_DIR)/FroggyBot.app/Contents/MacOS/FroggyBot";
			};
			name = Debug;
		};
		6861E481C6FE200C449954C7 /* Release */ = {
			isa = XCBuildConfiguration;
			buildSettings = {
				BUNDLE_LOADER = "$(TEST_HOST)";
				CLANG_ENABLE_MODULES = YES;
				CLANG_ENABLE_OBJC_WEAK = NO;
				ENABLE_USER_SCRIPT_SANDBOXING = YES;
				GENERATE_INFOPLIST_FILE = YES;
				IPHONEOS_DEPLOYMENT_TARGET = 17.0;
				MACOSX_DEPLOYMENT_TARGET = 14.0;
				PRODUCT_BUNDLE_IDENTIFIER = com.frogbot.app.tests;
				SDKROOT = auto;
				SUPPORTED_PLATFORMS = "iphoneos iphonesimulator macosx";
				SWIFT_STRICT_CONCURRENCY = complete;
				SWIFT_VERSION = 6.0;
				TARGETED_DEVICE_FAMILY = 1;
				"TEST_HOST[sdk=iphoneos*]" = "$(BUILT_PRODUCTS_DIR)/FroggyBot.app/FroggyBot";
				"TEST_HOST[sdk=iphonesimulator*]" = "$(BUILT_PRODUCTS_DIR)/FroggyBot.app/FroggyBot";
				"TEST_HOST[sdk=macosx*]" = "$(BUILT_PRODUCTS_DIR)/FroggyBot.app/Contents/MacOS/FroggyBot";
				VALIDATE_PRODUCT = YES;
			};
			name = Release;
		};
		69DC904C4694E32FB27A48E8 /* Release */ = {
			isa = XCBuildConfiguration;
			buildSettings = {
				CLANG_ENABLE_MODULES = YES;
				CLANG_ENABLE_OBJC_WEAK = NO;
				ENABLE_USER_SCRIPT_SANDBOXING = YES;
				GENERATE_INFOPLIST_FILE = YES;
				IPHONEOS_DEPLOYMENT_TARGET = 17.0;
				MACOSX_DEPLOYMENT_TARGET = 14.0;
				PRODUCT_BUNDLE_IDENTIFIER = com.frogbot.app.uitests;
				SDKROOT = auto;
				SUPPORTED_PLATFORMS = "iphoneos iphonesimulator macosx";
				SWIFT_STRICT_CONCURRENCY = complete;
				SWIFT_VERSION = 6.0;
				TARGETED_DEVICE_FAMILY = 1;
				TEST_TARGET_NAME = FroggyBotApple;
				VALIDATE_PRODUCT = YES;
			};
			name = Release;
		};
		9533B4A438B81D9B191FAD0F /* Debug */ = {
			isa = XCBuildConfiguration;
			buildSettings = {
				ALWAYS_SEARCH_USER_PATHS = NO;
				CLANG_ANALYZER_NONNULL = YES;
				CLANG_ANALYZER_NUMBER_OBJECT_CONVERSION = YES_AGGRESSIVE;
				CLANG_CXX_LANGUAGE_STANDARD = "gnu++14";
				CLANG_CXX_LIBRARY = "libc++";
				CLANG_ENABLE_MODULES = YES;
				CLANG_ENABLE_OBJC_ARC = YES;
				CLANG_ENABLE_OBJC_WEAK = YES;
				CLANG_WARN_BLOCK_CAPTURE_AUTORELEASING = YES;
				CLANG_WARN_BOOL_CONVERSION = YES;
				CLANG_WARN_COMMA = YES;
				CLANG_WARN_CONSTANT_CONVERSION = YES;
				CLANG_WARN_DEPRECATED_OBJC_IMPLEMENTATIONS = YES;
				CLANG_WARN_DIRECT_OBJC_ISA_USAGE = YES_ERROR;
				CLANG_WARN_DOCUMENTATION_COMMENTS = YES;
				CLANG_WARN_EMPTY_BODY = YES;
				CLANG_WARN_ENUM_CONVERSION = YES;
				CLANG_WARN_INFINITE_RECURSION = YES;
				CLANG_WARN_INT_CONVERSION = YES;
				CLANG_WARN_NON_LITERAL_NULL_CONVERSION = YES;
				CLANG_WARN_OBJC_IMPLICIT_RETAIN_SELF = YES;
				CLANG_WARN_OBJC_LITERAL_CONVERSION = YES;
				CLANG_WARN_OBJC_ROOT_CLASS = YES_ERROR;
				CLANG_WARN_QUOTED_INCLUDE_IN_FRAMEWORK_HEADER = YES;
				CLANG_WARN_RANGE_LOOP_ANALYSIS = YES;
				CLANG_WARN_STRICT_PROTOTYPES = YES;
				CLANG_WARN_SUSPICIOUS_MOVE = YES;
				CLANG_WARN_UNGUARDED_AVAILABILITY = YES_AGGRESSIVE;
				CLANG_WARN_UNREACHABLE_CODE = YES;
				CLANG_WARN__DUPLICATE_METHOD_MATCH = YES;
				COPY_PHASE_STRIP = NO;
				DEBUG_INFORMATION_FORMAT = dwarf;
				ENABLE_STRICT_OBJC_MSGSEND = YES;
				ENABLE_TESTABILITY = YES;
				GCC_C_LANGUAGE_STANDARD = gnu11;
				GCC_DYNAMIC_NO_PIC = NO;
				GCC_NO_COMMON_BLOCKS = YES;
				GCC_OPTIMIZATION_LEVEL = 0;
				GCC_PREPROCESSOR_DEFINITIONS = (
					"DEBUG=1",
					"$(inherited)",
				);
				GCC_WARN_64_TO_32_BIT_CONVERSION = YES;
				GCC_WARN_ABOUT_RETURN_TYPE = YES_ERROR;
				GCC_WARN_UNDECLARED_SELECTOR = YES;
				GCC_WARN_UNINITIALIZED_AUTOS = YES_AGGRESSIVE;
				GCC_WARN_UNUSED_FUNCTION = YES;
				GCC_WARN_UNUSED_VARIABLE = YES;
				MTL_ENABLE_DEBUG_INFO = INCLUDE_SOURCE;
				MTL_FAST_MATH = YES;
				ONLY_ACTIVE_ARCH = YES;
				PRODUCT_NAME = "$(TARGET_NAME)";
				SWIFT_ACTIVE_COMPILATION_CONDITIONS = DEBUG;
				SWIFT_OPTIMIZATION_LEVEL = "-Onone";
				SWIFT_VERSION = 5.0;
			};
			name = Debug;
		};
		C943F10014D64D36FE8A4878 /* Release */ = {
			isa = XCBuildConfiguration;
			buildSettings = {
				ASSETCATALOG_COMPILER_APPICON_NAME = AppIcon;
				ASSETCATALOG_COMPILER_GLOBAL_ACCENT_COLOR_NAME = AccentColor;
				CLANG_ENABLE_MODULES = YES;
				CLANG_ENABLE_OBJC_WEAK = NO;
				"CODE_SIGN_ENTITLEMENTS[sdk=iphoneos*]" = "Resources/FroggyBot-iOS-Release.entitlements";
				"CODE_SIGN_ENTITLEMENTS[sdk=iphonesimulator*]" = "Resources/FroggyBot-iOS.entitlements";
				"CODE_SIGN_ENTITLEMENTS[sdk=macosx*]" = "Resources/FroggyBot-macOS-Release.entitlements";
				CURRENT_PROJECT_VERSION = 202609130148;
				"ENABLE_APP_SANDBOX[sdk=macosx*]" = YES;
				"ENABLE_HARDENED_RUNTIME[sdk=macosx*]" = YES;
				ENABLE_USER_SCRIPT_SANDBOXING = YES;
				"ENABLE_USER_SCRIPT_SANDBOXING[sdk=iphoneos*]" = NO;
				"ENABLE_USER_SCRIPT_SANDBOXING[sdk=macosx*]" = NO;
				INFOPLIST_FILE = Resources/Info.plist;
				IPHONEOS_DEPLOYMENT_TARGET = 17.0;
				LD_RUNPATH_SEARCH_PATHS = "$(inherited) @executable_path/Frameworks";
				MACOSX_DEPLOYMENT_TARGET = 14.0;
				MARKETING_VERSION = 6.0.0;
				PRODUCT_BUNDLE_IDENTIFIER = com.frogbot.app;
				PRODUCT_MODULE_NAME = FroggyBotApple;
				PRODUCT_NAME = FroggyBot;
				REGISTER_APP_GROUPS = NO;
				SDKROOT = auto;
				SUPPORTED_PLATFORMS = "iphoneos iphonesimulator macosx";
				SWIFT_STRICT_CONCURRENCY = complete;
				SWIFT_VERSION = 6.0;
				TARGETED_DEVICE_FAMILY = 1;
				VALIDATE_PRODUCT = YES;
			};
			name = Release;
		};
		F2E5D1A9105404EB4AD2CDD5 /* Debug */ = {
			isa = XCBuildConfiguration;
			buildSettings = {
				CLANG_ENABLE_MODULES = YES;
				CLANG_ENABLE_OBJC_WEAK = NO;
				ENABLE_USER_SCRIPT_SANDBOXING = YES;
				GENERATE_INFOPLIST_FILE = YES;
				IPHONEOS_DEPLOYMENT_TARGET = 17.0;
				MACOSX_DEPLOYMENT_TARGET = 14.0;
				PRODUCT_BUNDLE_IDENTIFIER = com.frogbot.app.uitests;
				SDKROOT = auto;
				SUPPORTED_PLATFORMS = "iphoneos iphonesimulator macosx";
				SWIFT_STRICT_CONCURRENCY = complete;
				SWIFT_VERSION = 6.0;
				TARGETED_DEVICE_FAMILY = 1;
				TEST_TARGET_NAME = FroggyBotApple;
			};
			name = Debug;
		};
		FB725CE8B310515D0B05C5E3 /* Release */ = {
			isa = XCBuildConfiguration;
			buildSettings = {
				ALWAYS_SEARCH_USER_PATHS = NO;
				CLANG_ANALYZER_NONNULL = YES;
				CLANG_ANALYZER_NUMBER_OBJECT_CONVERSION = YES_AGGRESSIVE;
				CLANG_CXX_LANGUAGE_STANDARD = "gnu++14";
				CLANG_CXX_LIBRARY = "libc++";
				CLANG_ENABLE_MODULES = YES;
				CLANG_ENABLE_OBJC_ARC = YES;
				CLANG_ENABLE_OBJC_WEAK = YES;
				CLANG_WARN_BLOCK_CAPTURE_AUTORELEASING = YES;
				CLANG_WARN_BOOL_CONVERSION = YES;
				CLANG_WARN_COMMA = YES;
				CLANG_WARN_CONSTANT_CONVERSION = YES;
				CLANG_WARN_DEPRECATED_OBJC_IMPLEMENTATIONS = YES;
				CLANG_WARN_DIRECT_OBJC_ISA_USAGE = YES_ERROR;
				CLANG_WARN_DOCUMENTATION_COMMENTS = YES;
				CLANG_WARN_EMPTY_BODY = YES;
				CLANG_WARN_ENUM_CONVERSION = YES;
				CLANG_WARN_INFINITE_RECURSION = YES;
				CLANG_WARN_INT_CONVERSION = YES;
				CLANG_WARN_NON_LITERAL_NULL_CONVERSION = YES;
				CLANG_WARN_OBJC_IMPLICIT_RETAIN_SELF = YES;
				CLANG_WARN_OBJC_LITERAL_CONVERSION = YES;
				CLANG_WARN_OBJC_ROOT_CLASS = YES_ERROR;
				CLANG_WARN_QUOTED_INCLUDE_IN_FRAMEWORK_HEADER = YES;
				CLANG_WARN_RANGE_LOOP_ANALYSIS = YES;
				CLANG_WARN_STRICT_PROTOTYPES = YES;
				CLANG_WARN_SUSPICIOUS_MOVE = YES;
				CLANG_WARN_UNGUARDED_AVAILABILITY = YES_AGGRESSIVE;
				CLANG_WARN_UNREACHABLE_CODE = YES;
				CLANG_WARN__DUPLICATE_METHOD_MATCH = YES;
				COPY_PHASE_STRIP = NO;
				DEBUG_INFORMATION_FORMAT = "dwarf-with-dsym";
				ENABLE_NS_ASSERTIONS = NO;
				ENABLE_STRICT_OBJC_MSGSEND = YES;
				GCC_C_LANGUAGE_STANDARD = gnu11;
				GCC_NO_COMMON_BLOCKS = YES;
				GCC_WARN_64_TO_32_BIT_CONVERSION = YES;
				GCC_WARN_ABOUT_RETURN_TYPE = YES_ERROR;
				GCC_WARN_UNDECLARED_SELECTOR = YES;
				GCC_WARN_UNINITIALIZED_AUTOS = YES_AGGRESSIVE;
				GCC_WARN_UNUSED_FUNCTION = YES;
				GCC_WARN_UNUSED_VARIABLE = YES;
				MTL_ENABLE_DEBUG_INFO = NO;
				MTL_FAST_MATH = YES;
				PRODUCT_NAME = "$(TARGET_NAME)";
				SWIFT_COMPILATION_MODE = wholemodule;
				SWIFT_OPTIMIZATION_LEVEL = "-O";
				SWIFT_VERSION = 5.0;
			};
			name = Release;
		};
/* End XCBuildConfiguration section */

/* Begin XCConfigurationList section */
		409EF401799EB2DFC02AC416 /* Build configuration list for PBXProject "FroggyBotApple" */ = {
			isa = XCConfigurationList;
			buildConfigurations = (
				9533B4A438B81D9B191FAD0F /* Debug */,
				FB725CE8B310515D0B05C5E3 /* Release */,
			);
			defaultConfigurationIsVisible = 0;
			defaultConfigurationName = Release;
		};
		8F0C99EBEA37A84F66C88C42 /* Build configuration list for PBXNativeTarget "FroggyBotApple" */ = {
			isa = XCConfigurationList;
			buildConfigurations = (
				C943F10014D64D36FE8A4878 /* Release */,
				56747F23DE1FDBBC92980D7F /* Debug */,
			);
			defaultConfigurationIsVisible = 0;
			defaultConfigurationName = Release;
		};
		A9260057D2C1AE7C691EF159 /* Build configuration list for PBXNativeTarget "FroggyBotAppleUITests" */ = {
			isa = XCConfigurationList;
			buildConfigurations = (
				69DC904C4694E32FB27A48E8 /* Release */,
				F2E5D1A9105404EB4AD2CDD5 /* Debug */,
			);
			defaultConfigurationIsVisible = 0;
			defaultConfigurationName = Release;
		};
		D16CAEF3256F86130888F3CE /* Build configuration list for PBXNativeTarget "FroggyBotAppleTests" */ = {
			isa = XCConfigurationList;
			buildConfigurations = (
				6861E481C6FE200C449954C7 /* Release */,
				5DAFE5BC0C4FF5BAB15443FC /* Debug */,
			);
			defaultConfigurationIsVisible = 0;
			defaultConfigurationName = Release;
		};
/* End XCConfigurationList section */

/* Begin XCLocalSwiftPackageReference section */
		E9C4252FE8BEE4C2A309FA5D /* XCLocalSwiftPackageReference "frogbot-transcription" */ = {
			isa = XCLocalSwiftPackageReference;
			relativePath = "../../packages/frogbot-transcription";
		};
/* End XCLocalSwiftPackageReference section */

/* Begin XCSwiftPackageProductDependency section */
		B557F71A73B2C6CE0D2DD89A /* FroggyBotNemotron */ = {
			isa = XCSwiftPackageProductDependency;
			package = E9C4252FE8BEE4C2A309FA5D /* XCLocalSwiftPackageReference "frogbot-transcription" */;
			productName = FroggyBotNemotron;
		};
/* End XCSwiftPackageProductDependency section */
	};
	rootObject = 4EA4B6AC37D67E374E4B11BD /* Project object */;
}
