// !$*UTF8*$!
{
	archiveVersion = 1;
	classes = {
	};
	objectVersion = 46;
	objects = {

/* Begin PBXBuildFile section */
		0AC78EB79BE3A8C97333BBA3 /* Theme.swift in Sources */ = {isa = PBXBuildFile; fileRef = C87CC2FC4B8CC9E7250B8093 /* Theme.swift */; };
		0F863C8DF6F10E15EDF6DC0D /* PrivacyInfo.xcprivacy in Resources */ = {isa = PBXBuildFile; fileRef = 0983089C67ECAA7523488C15 /* PrivacyInfo.xcprivacy */; };
		126EAE50E3365CAD14FFB397 /* SupportingFeatureSheets.swift in Sources */ = {isa = PBXBuildFile; fileRef = 866DB6BDCC0169AA4E6C3715 /* SupportingFeatureSheets.swift */; };
		1554555C954B2F172770E6F5 /* amplify_outputs.json in Resources */ = {isa = PBXBuildFile; fileRef = 4DB20146EC0AF53984706F40 /* amplify_outputs.json */; };
		22DC34167AB3E7C6925AF375 /* HeyTimAppleApp.swift in Sources */ = {isa = PBXBuildFile; fileRef = C6C2E50E88499D1EF30441D4 /* HeyTimAppleApp.swift */; };
		2A41BCB254A858376278BEA5 /* MainView.swift in Sources */ = {isa = PBXBuildFile; fileRef = 9BE8BCC5859AF0401EE52D98 /* MainView.swift */; };
		335885D2D6F54BC00A0CD7BE /* AppModel.swift in Sources */ = {isa = PBXBuildFile; fileRef = A71FBB7C99723F59EB3DAB8F /* AppModel.swift */; };
		33D53BD956BAA2F036FC70E9 /* Foundation.framework in Frameworks */ = {isa = PBXBuildFile; fileRef = 9F23091DA39E9642BDBCC01F /* Foundation.framework */; };
		373F7AE65DBF4E3CEBC37C87 /* DesktopControlView.swift in Sources */ = {isa = PBXBuildFile; fileRef = D1D1051F78B613BD27A6EDB7 /* DesktopControlView.swift */; };
		3A3504813BB061F44765DB58 /* AuthSession.swift in Sources */ = {isa = PBXBuildFile; fileRef = 621B2912D638CD087C32CE28 /* AuthSession.swift */; };
		6F9C47A1F8BC050A6C52F6AA /* Sparkle in Frameworks */ = {isa = PBXBuildFile; platformFilters = (macos, ); productRef = 66CFD41F776C3D449DE08FBB /* Sparkle */; };
		711541B5B4CD2B9D7E0AAB88 /* DesktopControlCoordinator.swift in Sources */ = {isa = PBXBuildFile; fileRef = 1643DA5FBAF79D07FAA3891E /* DesktopControlCoordinator.swift */; };
		7338514BAD350E6B653905E2 /* FluidUse in Frameworks */ = {isa = PBXBuildFile; platformFilters = (macos, ); productRef = 2A2C38FED5C602C82F5247EF /* FluidUse */; };
		7A024D1EE0B686AE553EA82E /* MarkdownMessageView.swift in Sources */ = {isa = PBXBuildFile; fileRef = A944DF5888EB2918000B2CAD /* MarkdownMessageView.swift */; };
		8400E1EB254D5206272BE151 /* HeyTimParakeet in Frameworks */ = {isa = PBXBuildFile; productRef = CAA3ABF670AC3C0EF120CEA9 /* HeyTimParakeet */; };
		936207D487E60F8DF774E0F8 /* BotInboxView.swift in Sources */ = {isa = PBXBuildFile; fileRef = 14ABAE0C2A0B5BE836145784 /* BotInboxView.swift */; };
		9DD92B3D250644E283ACA41F /* DesktopUpdateController.swift in Sources */ = {isa = PBXBuildFile; fileRef = 88342D5EC17601DD0A14331C /* DesktopUpdateController.swift */; };
		9F9B70366A27463908ED5233 /* Foundation.framework in Frameworks */ = {isa = PBXBuildFile; fileRef = 9F23091DA39E9642BDBCC01F /* Foundation.framework */; };
		AE9057BE2F71F2DBA2446EE3 /* Assets.xcassets in Resources */ = {isa = PBXBuildFile; fileRef = 441ED5A5A9862FA5184882D7 /* Assets.xcassets */; };
		B79D333563504871B6D27F27 /* Foundation.framework in Frameworks */ = {isa = PBXBuildFile; fileRef = 9F23091DA39E9642BDBCC01F /* Foundation.framework */; };
		B84D99535F4F569B71CF8E59 /* HeyTimAppleUITests.swift in Sources */ = {isa = PBXBuildFile; fileRef = 7F491E6C6BC1AE47A00EF163 /* HeyTimAppleUITests.swift */; };
		BDC04FAAC57E96A30CBA1EB7 /* NativeNotifications.swift in Sources */ = {isa = PBXBuildFile; fileRef = FA64FE5D562FA4322728670E /* NativeNotifications.swift */; };
		C6E8C861CEF6FDA8DC3E171B /* DictationModel.swift in Sources */ = {isa = PBXBuildFile; fileRef = 31A44CA1D2D1F3D9545D3F1B /* DictationModel.swift */; };
		CD031AA242AA7790448DEBA4 /* GitHubSkillImportView.swift in Sources */ = {isa = PBXBuildFile; fileRef = 5F1B15AD78EE3CDE35DA4033 /* GitHubSkillImportView.swift */; };
		D226DCB4EE269F9B6105C272 /* AuthView.swift in Sources */ = {isa = PBXBuildFile; fileRef = 0B126FEDD4A231E8201324B4 /* AuthView.swift */; };
		D6E4CF5BCB25201DE598A02C /* BrowserHandoffView.swift in Sources */ = {isa = PBXBuildFile; fileRef = D3B281832E3AD1C78CA5743E /* BrowserHandoffView.swift */; };
		DBB96F24E723E5CB86BB0176 /* APIClient.swift in Sources */ = {isa = PBXBuildFile; fileRef = DF42FF72855B9C831D01C7E2 /* APIClient.swift */; };
		DDD835CE7FAFBF5DA13B3422 /* ProviderLogoView.swift in Sources */ = {isa = PBXBuildFile; fileRef = E5A7BDB3C0F4F4894C1E52E8 /* ProviderLogoView.swift */; };
		E196A2453894F9DEC6DA5959 /* Models.swift in Sources */ = {isa = PBXBuildFile; fileRef = 020C01279CFF859DB9C707D0 /* Models.swift */; };
		E9D7517F0D98A3588D8E30C0 /* APIRoutes.generated.swift in Sources */ = {isa = PBXBuildFile; fileRef = 19013A564A929DC1C6236694 /* APIRoutes.generated.swift */; };
		F556E08088C9231440552A25 /* HeyTimAppleTests.swift in Sources */ = {isa = PBXBuildFile; fileRef = 0E3F6267EF788215831FB299 /* HeyTimAppleTests.swift */; };
		F6584B86D63FF2220565FD07 /* FeatureSheets.swift in Sources */ = {isa = PBXBuildFile; fileRef = D43097F948650597FB0CF0F7 /* FeatureSheets.swift */; };
/* End PBXBuildFile section */

/* Begin PBXContainerItemProxy section */
		5EB416A157BD990DF611F221 /* PBXContainerItemProxy */ = {
			isa = PBXContainerItemProxy;
			containerPortal = 3E2D4CEC98E3281508563341 /* Project object */;
			proxyType = 1;
			remoteGlobalIDString = B21B244C4635F5B59FCF9877;
			remoteInfo = HeyTimApple;
		};
		F4F4AFFC22F5E0CDCCFD2164 /* PBXContainerItemProxy */ = {
			isa = PBXContainerItemProxy;
			containerPortal = 3E2D4CEC98E3281508563341 /* Project object */;
			proxyType = 1;
			remoteGlobalIDString = B21B244C4635F5B59FCF9877;
			remoteInfo = HeyTimApple;
		};
/* End PBXContainerItemProxy section */

/* Begin PBXFileReference section */
		020C01279CFF859DB9C707D0 /* Models.swift */ = {isa = PBXFileReference; includeInIndex = 1; lastKnownFileType = sourcecode.swift; name = Models.swift; path = Sources/HeyTimCore/Models.swift; sourceTree = "<group>"; };
		0983089C67ECAA7523488C15 /* PrivacyInfo.xcprivacy */ = {isa = PBXFileReference; includeInIndex = 1; name = PrivacyInfo.xcprivacy; path = Resources/PrivacyInfo.xcprivacy; sourceTree = "<group>"; };
		0B126FEDD4A231E8201324B4 /* AuthView.swift */ = {isa = PBXFileReference; includeInIndex = 1; lastKnownFileType = sourcecode.swift; name = AuthView.swift; path = Sources/HeyTimUI/AuthView.swift; sourceTree = "<group>"; };
		0C29A1E600020027F252A249 /* Info.plist */ = {isa = PBXFileReference; includeInIndex = 1; lastKnownFileType = text.plist.xml; name = Info.plist; path = Resources/Info.plist; sourceTree = "<group>"; };
		0E3F6267EF788215831FB299 /* HeyTimAppleTests.swift */ = {isa = PBXFileReference; includeInIndex = 1; lastKnownFileType = sourcecode.swift; name = HeyTimAppleTests.swift; path = Tests/HeyTimAppleTests.swift; sourceTree = "<group>"; };
		14ABAE0C2A0B5BE836145784 /* BotInboxView.swift */ = {isa = PBXFileReference; includeInIndex = 1; lastKnownFileType = sourcecode.swift; name = BotInboxView.swift; path = Sources/HeyTimUI/BotInboxView.swift; sourceTree = "<group>"; };
		1643DA5FBAF79D07FAA3891E /* DesktopControlCoordinator.swift */ = {isa = PBXFileReference; includeInIndex = 1; lastKnownFileType = sourcecode.swift; name = DesktopControlCoordinator.swift; path = Sources/HeyTimPlatform/DesktopControlCoordinator.swift; sourceTree = "<group>"; };
		19013A564A929DC1C6236694 /* APIRoutes.generated.swift */ = {isa = PBXFileReference; includeInIndex = 1; lastKnownFileType = sourcecode.swift; name = APIRoutes.generated.swift; path = Sources/HeyTimCore/APIRoutes.generated.swift; sourceTree = "<group>"; };
		31A44CA1D2D1F3D9545D3F1B /* DictationModel.swift */ = {isa = PBXFileReference; includeInIndex = 1; lastKnownFileType = sourcecode.swift; name = DictationModel.swift; path = Sources/HeyTimPlatform/DictationModel.swift; sourceTree = "<group>"; };
		441ED5A5A9862FA5184882D7 /* Assets.xcassets */ = {isa = PBXFileReference; includeInIndex = 1; lastKnownFileType = folder.assetcatalog; name = Assets.xcassets; path = Resources/Assets.xcassets; sourceTree = "<group>"; };
		4DB20146EC0AF53984706F40 /* amplify_outputs.json */ = {isa = PBXFileReference; includeInIndex = 1; name = amplify_outputs.json; path = Resources/amplify_outputs.json; sourceTree = "<group>"; };
		5F1B15AD78EE3CDE35DA4033 /* GitHubSkillImportView.swift */ = {isa = PBXFileReference; includeInIndex = 1; lastKnownFileType = sourcecode.swift; name = GitHubSkillImportView.swift; path = Sources/HeyTimUI/GitHubSkillImportView.swift; sourceTree = "<group>"; };
		621B2912D638CD087C32CE28 /* AuthSession.swift */ = {isa = PBXFileReference; includeInIndex = 1; lastKnownFileType = sourcecode.swift; name = AuthSession.swift; path = Sources/HeyTimPlatform/AuthSession.swift; sourceTree = "<group>"; };
		644D0827B17119F9BC1442B2 /* HeyTim-macOS.entitlements */ = {isa = PBXFileReference; includeInIndex = 1; lastKnownFileType = text.plist.entitlements; name = "HeyTim-macOS.entitlements"; path = "Resources/HeyTim-macOS.entitlements"; sourceTree = "<group>"; };
		7AC63841CCB33BCDEFE67F63 /* HeyTim-iOS.entitlements */ = {isa = PBXFileReference; includeInIndex = 1; lastKnownFileType = text.plist.entitlements; name = "HeyTim-iOS.entitlements"; path = "Resources/HeyTim-iOS.entitlements"; sourceTree = "<group>"; };
		7F491E6C6BC1AE47A00EF163 /* HeyTimAppleUITests.swift */ = {isa = PBXFileReference; includeInIndex = 1; lastKnownFileType = sourcecode.swift; name = HeyTimAppleUITests.swift; path = UITests/HeyTimAppleUITests.swift; sourceTree = "<group>"; };
		82E975A7C38FC1340FDD4ECF /* Info-macOS.plist */ = {isa = PBXFileReference; includeInIndex = 1; lastKnownFileType = text.plist.xml; name = "Info-macOS.plist"; path = "Resources/Info-macOS.plist"; sourceTree = "<group>"; };
		866DB6BDCC0169AA4E6C3715 /* SupportingFeatureSheets.swift */ = {isa = PBXFileReference; includeInIndex = 1; lastKnownFileType = sourcecode.swift; name = SupportingFeatureSheets.swift; path = Sources/HeyTimUI/SupportingFeatureSheets.swift; sourceTree = "<group>"; };
		88342D5EC17601DD0A14331C /* DesktopUpdateController.swift */ = {isa = PBXFileReference; includeInIndex = 1; lastKnownFileType = sourcecode.swift; name = DesktopUpdateController.swift; path = Sources/HeyTimPlatform/DesktopUpdateController.swift; sourceTree = "<group>"; };
		9BE8BCC5859AF0401EE52D98 /* MainView.swift */ = {isa = PBXFileReference; includeInIndex = 1; lastKnownFileType = sourcecode.swift; name = MainView.swift; path = Sources/HeyTimUI/MainView.swift; sourceTree = "<group>"; };
		9F23091DA39E9642BDBCC01F /* Foundation.framework */ = {isa = PBXFileReference; lastKnownFileType = wrapper.framework; name = Foundation.framework; path = Platforms/iPhoneOS.platform/Developer/SDKs/iPhoneOS26.0.sdk/System/Library/Frameworks/Foundation.framework; sourceTree = DEVELOPER_DIR; };
		A71FBB7C99723F59EB3DAB8F /* AppModel.swift */ = {isa = PBXFileReference; includeInIndex = 1; lastKnownFileType = sourcecode.swift; name = AppModel.swift; path = Sources/HeyTimCore/AppModel.swift; sourceTree = "<group>"; };
		A944DF5888EB2918000B2CAD /* MarkdownMessageView.swift */ = {isa = PBXFileReference; includeInIndex = 1; lastKnownFileType = sourcecode.swift; name = MarkdownMessageView.swift; path = Sources/HeyTimUI/MarkdownMessageView.swift; sourceTree = "<group>"; };
		AA08B715FE127D8A44D8BB02 /* HeyTim-macOS-Release.entitlements */ = {isa = PBXFileReference; includeInIndex = 1; lastKnownFileType = text.plist.entitlements; name = "HeyTim-macOS-Release.entitlements"; path = "Resources/HeyTim-macOS-Release.entitlements"; sourceTree = "<group>"; };
		B6951932809667CF06085F07 /* HeyTim.app */ = {isa = PBXFileReference; explicitFileType = wrapper.application; includeInIndex = 0; name = HeyTim.app; path = HeyTim.app; sourceTree = BUILT_PRODUCTS_DIR; };
		C6C2E50E88499D1EF30441D4 /* HeyTimAppleApp.swift */ = {isa = PBXFileReference; includeInIndex = 1; lastKnownFileType = sourcecode.swift; name = HeyTimAppleApp.swift; path = App/HeyTimAppleApp.swift; sourceTree = "<group>"; };
		C87CC2FC4B8CC9E7250B8093 /* Theme.swift */ = {isa = PBXFileReference; includeInIndex = 1; lastKnownFileType = sourcecode.swift; name = Theme.swift; path = Sources/HeyTimUI/Theme.swift; sourceTree = "<group>"; };
		CDDC1C6EC4F317C06214FCF1 /* HeyTim-iOS-Release.entitlements */ = {isa = PBXFileReference; includeInIndex = 1; lastKnownFileType = text.plist.entitlements; name = "HeyTim-iOS-Release.entitlements"; path = "Resources/HeyTim-iOS-Release.entitlements"; sourceTree = "<group>"; };
		D1D1051F78B613BD27A6EDB7 /* DesktopControlView.swift */ = {isa = PBXFileReference; includeInIndex = 1; lastKnownFileType = sourcecode.swift; name = DesktopControlView.swift; path = Sources/HeyTimUI/DesktopControlView.swift; sourceTree = "<group>"; };
		D3B281832E3AD1C78CA5743E /* BrowserHandoffView.swift */ = {isa = PBXFileReference; includeInIndex = 1; lastKnownFileType = sourcecode.swift; name = BrowserHandoffView.swift; path = Sources/HeyTimUI/BrowserHandoffView.swift; sourceTree = "<group>"; };
		D43097F948650597FB0CF0F7 /* FeatureSheets.swift */ = {isa = PBXFileReference; includeInIndex = 1; lastKnownFileType = sourcecode.swift; name = FeatureSheets.swift; path = Sources/HeyTimUI/FeatureSheets.swift; sourceTree = "<group>"; };
		D94DD656A9398A92A274B696 /* HeyTimAppleTests.xctest */ = {isa = PBXFileReference; explicitFileType = wrapper.cfbundle; includeInIndex = 0; path = HeyTimAppleTests.xctest; sourceTree = BUILT_PRODUCTS_DIR; };
		DDCD012ECBD6B7EA5D2A4360 /* HeyTimAppleUITests.xctest */ = {isa = PBXFileReference; explicitFileType = wrapper.cfbundle; includeInIndex = 0; path = HeyTimAppleUITests.xctest; sourceTree = BUILT_PRODUCTS_DIR; };
		DF42FF72855B9C831D01C7E2 /* APIClient.swift */ = {isa = PBXFileReference; includeInIndex = 1; lastKnownFileType = sourcecode.swift; name = APIClient.swift; path = Sources/HeyTimCore/APIClient.swift; sourceTree = "<group>"; };
		E5A7BDB3C0F4F4894C1E52E8 /* ProviderLogoView.swift */ = {isa = PBXFileReference; includeInIndex = 1; lastKnownFileType = sourcecode.swift; name = ProviderLogoView.swift; path = Sources/HeyTimUI/ProviderLogoView.swift; sourceTree = "<group>"; };
		FA64FE5D562FA4322728670E /* NativeNotifications.swift */ = {isa = PBXFileReference; includeInIndex = 1; lastKnownFileType = sourcecode.swift; name = NativeNotifications.swift; path = Sources/HeyTimPlatform/NativeNotifications.swift; sourceTree = "<group>"; };
		FB236FD392D04E3FE28C7848 /* DeveloperIDExportOptions.plist */ = {isa = PBXFileReference; includeInIndex = 1; lastKnownFileType = text.plist.xml; name = DeveloperIDExportOptions.plist; path = Resources/DeveloperIDExportOptions.plist; sourceTree = "<group>"; };
/* End PBXFileReference section */

/* Begin PBXFrameworksBuildPhase section */
		58F49641E960AEC8D1BCAC66 /* Frameworks */ = {
			isa = PBXFrameworksBuildPhase;
			buildActionMask = 2147483647;
			files = (
				9F9B70366A27463908ED5233 /* Foundation.framework in Frameworks */,
			);
			runOnlyForDeploymentPostprocessing = 0;
		};
		A2A339F93813122D77DC1B99 /* Frameworks */ = {
			isa = PBXFrameworksBuildPhase;
			buildActionMask = 2147483647;
			files = (
				33D53BD956BAA2F036FC70E9 /* Foundation.framework in Frameworks */,
			);
			runOnlyForDeploymentPostprocessing = 0;
		};
		AE8D194840ECDC250506F8D5 /* Frameworks */ = {
			isa = PBXFrameworksBuildPhase;
			buildActionMask = 2147483647;
			files = (
				B79D333563504871B6D27F27 /* Foundation.framework in Frameworks */,
				8400E1EB254D5206272BE151 /* HeyTimParakeet in Frameworks */,
				6F9C47A1F8BC050A6C52F6AA /* Sparkle in Frameworks */,
				7338514BAD350E6B653905E2 /* FluidUse in Frameworks */,
			);
			runOnlyForDeploymentPostprocessing = 0;
		};
/* End PBXFrameworksBuildPhase section */

/* Begin PBXGroup section */
		125B58D566310CF5B99C9396 = {
			isa = PBXGroup;
			children = (
				C0AB9FB0DAC370228A764906 /* Products */,
				407A7C162663D991726E1BB5 /* Frameworks */,
				C6C2E50E88499D1EF30441D4 /* HeyTimAppleApp.swift */,
				DF42FF72855B9C831D01C7E2 /* APIClient.swift */,
				19013A564A929DC1C6236694 /* APIRoutes.generated.swift */,
				A71FBB7C99723F59EB3DAB8F /* AppModel.swift */,
				020C01279CFF859DB9C707D0 /* Models.swift */,
				621B2912D638CD087C32CE28 /* AuthSession.swift */,
				1643DA5FBAF79D07FAA3891E /* DesktopControlCoordinator.swift */,
				88342D5EC17601DD0A14331C /* DesktopUpdateController.swift */,
				31A44CA1D2D1F3D9545D3F1B /* DictationModel.swift */,
				FA64FE5D562FA4322728670E /* NativeNotifications.swift */,
				0B126FEDD4A231E8201324B4 /* AuthView.swift */,
				14ABAE0C2A0B5BE836145784 /* BotInboxView.swift */,
				D3B281832E3AD1C78CA5743E /* BrowserHandoffView.swift */,
				D1D1051F78B613BD27A6EDB7 /* DesktopControlView.swift */,
				D43097F948650597FB0CF0F7 /* FeatureSheets.swift */,
				5F1B15AD78EE3CDE35DA4033 /* GitHubSkillImportView.swift */,
				9BE8BCC5859AF0401EE52D98 /* MainView.swift */,
				A944DF5888EB2918000B2CAD /* MarkdownMessageView.swift */,
				E5A7BDB3C0F4F4894C1E52E8 /* ProviderLogoView.swift */,
				866DB6BDCC0169AA4E6C3715 /* SupportingFeatureSheets.swift */,
				C87CC2FC4B8CC9E7250B8093 /* Theme.swift */,
				4DB20146EC0AF53984706F40 /* amplify_outputs.json */,
				0983089C67ECAA7523488C15 /* PrivacyInfo.xcprivacy */,
				441ED5A5A9862FA5184882D7 /* Assets.xcassets */,
				0C29A1E600020027F252A249 /* Info.plist */,
				82E975A7C38FC1340FDD4ECF /* Info-macOS.plist */,
				FB236FD392D04E3FE28C7848 /* DeveloperIDExportOptions.plist */,
				7AC63841CCB33BCDEFE67F63 /* HeyTim-iOS.entitlements */,
				CDDC1C6EC4F317C06214FCF1 /* HeyTim-iOS-Release.entitlements */,
				644D0827B17119F9BC1442B2 /* HeyTim-macOS.entitlements */,
				AA08B715FE127D8A44D8BB02 /* HeyTim-macOS-Release.entitlements */,
				0E3F6267EF788215831FB299 /* HeyTimAppleTests.swift */,
				7F491E6C6BC1AE47A00EF163 /* HeyTimAppleUITests.swift */,
			);
			sourceTree = "<group>";
		};
		407A7C162663D991726E1BB5 /* Frameworks */ = {
			isa = PBXGroup;
			children = (
				517D4924DC7E9B986D000307 /* iOS */,
			);
			name = Frameworks;
			sourceTree = "<group>";
		};
		517D4924DC7E9B986D000307 /* iOS */ = {
			isa = PBXGroup;
			children = (
				9F23091DA39E9642BDBCC01F /* Foundation.framework */,
			);
			name = iOS;
			sourceTree = "<group>";
		};
		C0AB9FB0DAC370228A764906 /* Products */ = {
			isa = PBXGroup;
			children = (
				B6951932809667CF06085F07 /* HeyTim.app */,
				D94DD656A9398A92A274B696 /* HeyTimAppleTests.xctest */,
				DDCD012ECBD6B7EA5D2A4360 /* HeyTimAppleUITests.xctest */,
			);
			name = Products;
			sourceTree = "<group>";
		};
/* End PBXGroup section */

/* Begin PBXNativeTarget section */
		B21B244C4635F5B59FCF9877 /* HeyTimApple */ = {
			isa = PBXNativeTarget;
			buildConfigurationList = 54F626322B895248B7DE8C9A /* Build configuration list for PBXNativeTarget "HeyTimApple" */;
			buildPhases = (
				2C77EB4FAA009BDD211EF96B /* Sources */,
				AE8D194840ECDC250506F8D5 /* Frameworks */,
				3F465AB6E02D5596116A111E /* Resources */,
				A498BA8CA21BCEA1EC5BC035 /* Remove unused static speech framework wrappers */,
				764AEB1BDF0B8C28C15CE929 /* Bundle Laya for Mac */,
			);
			buildRules = (
			);
			dependencies = (
			);
			name = HeyTimApple;
			packageProductDependencies = (
				CAA3ABF670AC3C0EF120CEA9 /* HeyTimParakeet */,
				66CFD41F776C3D449DE08FBB /* Sparkle */,
				2A2C38FED5C602C82F5247EF /* FluidUse */,
			);
			productName = HeyTimApple;
			productReference = B6951932809667CF06085F07 /* HeyTim.app */;
			productType = "com.apple.product-type.application";
		};
		B474F60118EE4FB142F357C3 /* HeyTimAppleUITests */ = {
			isa = PBXNativeTarget;
			buildConfigurationList = CB45CF227A1A852ACE35D532 /* Build configuration list for PBXNativeTarget "HeyTimAppleUITests" */;
			buildPhases = (
				D7DE99FEB74096BC630DD1AF /* Sources */,
				58F49641E960AEC8D1BCAC66 /* Frameworks */,
				6019C9B760D635DD6254057A /* Resources */,
			);
			buildRules = (
			);
			dependencies = (
				6B185E7B204921C6BFA5B1A2 /* PBXTargetDependency */,
			);
			name = HeyTimAppleUITests;
			productName = HeyTimAppleUITests;
			productReference = DDCD012ECBD6B7EA5D2A4360 /* HeyTimAppleUITests.xctest */;
			productType = "com.apple.product-type.bundle.ui-testing";
		};
		E04499C22BE5B1C27E0598F6 /* HeyTimAppleTests */ = {
			isa = PBXNativeTarget;
			buildConfigurationList = 4A99039A6C0540A0ACD576B3 /* Build configuration list for PBXNativeTarget "HeyTimAppleTests" */;
			buildPhases = (
				506B9BD8FCD2E0F2DB9D1C0F /* Sources */,
				A2A339F93813122D77DC1B99 /* Frameworks */,
				D8C40BA54A4E044F91CBAB50 /* Resources */,
			);
			buildRules = (
			);
			dependencies = (
				81406D9FB9E12CA8EE62C537 /* PBXTargetDependency */,
			);
			name = HeyTimAppleTests;
			productName = HeyTimAppleTests;
			productReference = D94DD656A9398A92A274B696 /* HeyTimAppleTests.xctest */;
			productType = "com.apple.product-type.bundle.unit-test";
		};
/* End PBXNativeTarget section */

/* Begin PBXProject section */
		3E2D4CEC98E3281508563341 /* Project object */ = {
			isa = PBXProject;
			attributes = {
				LastSwiftUpdateCheck = 2660;
				LastUpgradeCheck = 2660;
			};
			buildConfigurationList = 61C491C65E8AAA920EE5B123 /* Build configuration list for PBXProject "HeyTimApple" */;
			compatibilityVersion = "Xcode 3.2";
			developmentRegion = en;
			hasScannedForEncodings = 0;
			knownRegions = (
				en,
				Base,
			);
			mainGroup = 125B58D566310CF5B99C9396;
			minimizedProjectReferenceProxies = 0;
			packageReferences = (
				74ECBEC6CF6997103CEEE4A2 /* XCLocalSwiftPackageReference "heytim-transcription" */,
				B38DCAF378D5298F5E6A6387 /* XCRemoteSwiftPackageReference "Sparkle" */,
				798F35964CF77BD3FE59679C /* XCRemoteSwiftPackageReference "FluidUse" */,
			);
			preferredProjectObjectVersion = 100;
			productRefGroup = C0AB9FB0DAC370228A764906 /* Products */;
			projectDirPath = "";
			projectRoot = "";
			targets = (
				B21B244C4635F5B59FCF9877 /* HeyTimApple */,
				E04499C22BE5B1C27E0598F6 /* HeyTimAppleTests */,
				B474F60118EE4FB142F357C3 /* HeyTimAppleUITests */,
			);
		};
/* End PBXProject section */

/* Begin PBXResourcesBuildPhase section */
		3F465AB6E02D5596116A111E /* Resources */ = {
			isa = PBXResourcesBuildPhase;
			buildActionMask = 2147483647;
			files = (
				1554555C954B2F172770E6F5 /* amplify_outputs.json in Resources */,
				0F863C8DF6F10E15EDF6DC0D /* PrivacyInfo.xcprivacy in Resources */,
				AE9057BE2F71F2DBA2446EE3 /* Assets.xcassets in Resources */,
			);
			runOnlyForDeploymentPostprocessing = 0;
		};
		6019C9B760D635DD6254057A /* Resources */ = {
			isa = PBXResourcesBuildPhase;
			buildActionMask = 2147483647;
			files = (
			);
			runOnlyForDeploymentPostprocessing = 0;
		};
		D8C40BA54A4E044F91CBAB50 /* Resources */ = {
			isa = PBXResourcesBuildPhase;
			buildActionMask = 2147483647;
			files = (
			);
			runOnlyForDeploymentPostprocessing = 0;
		};
/* End PBXResourcesBuildPhase section */

/* Begin PBXShellScriptBuildPhase section */
		764AEB1BDF0B8C28C15CE929 /* Bundle Laya for Mac */ = {
			isa = PBXShellScriptBuildPhase;
			alwaysOutOfDate = 1;
			buildActionMask = 2147483647;
			files = (
			);
			inputFileListPaths = (
			);
			inputPaths = (
			);
			name = "Bundle Laya for Mac";
			outputFileListPaths = (
			);
			outputPaths = (
			);
			runOnlyForDeploymentPostprocessing = 0;
			shellPath = /bin/sh;
			shellScript = "if [ \"$PLATFORM_NAME\" = macosx ]; then\n  \"$SRCROOT/scripts/prepare-laya.sh\"\n  /usr/bin/ditto \"$SRCROOT/Generated/Laya/laya-coreml\" \\\n    \"$TARGET_BUILD_DIR/$UNLOCALIZED_RESOURCES_FOLDER_PATH/laya-coreml\"\nfi\n";
		};
		A498BA8CA21BCEA1EC5BC035 /* Remove unused static speech framework wrappers */ = {
			isa = PBXShellScriptBuildPhase;
			alwaysOutOfDate = 1;
			buildActionMask = 2147483647;
			files = (
			);
			inputFileListPaths = (
			);
			inputPaths = (
			);
			name = "Remove unused static speech framework wrappers";
			outputFileListPaths = (
			);
			outputPaths = (
			);
			runOnlyForDeploymentPostprocessing = 0;
			shellPath = /bin/sh;
			shellScript = "# The libraries are already linked into the app binary; remove only copied wrappers.\ncase \"$PLATFORM_NAME\" in\n  iphoneos|macosx)\n    for framework_name in onnxruntime SherpaOnnxC; do\n      framework_path=\"$TARGET_BUILD_DIR/$FRAMEWORKS_FOLDER_PATH/$framework_name.framework\"\n      if [ -d \"$framework_path\" ]; then\n        /usr/bin/find \"$framework_path\" -depth -delete\n      fi\n    done\n    ;;\nesac\n";
		};
/* End PBXShellScriptBuildPhase section */

/* Begin PBXSourcesBuildPhase section */
		2C77EB4FAA009BDD211EF96B /* Sources */ = {
			isa = PBXSourcesBuildPhase;
			buildActionMask = 2147483647;
			files = (
				22DC34167AB3E7C6925AF375 /* HeyTimAppleApp.swift in Sources */,
				DBB96F24E723E5CB86BB0176 /* APIClient.swift in Sources */,
				E9D7517F0D98A3588D8E30C0 /* APIRoutes.generated.swift in Sources */,
				335885D2D6F54BC00A0CD7BE /* AppModel.swift in Sources */,
				E196A2453894F9DEC6DA5959 /* Models.swift in Sources */,
				3A3504813BB061F44765DB58 /* AuthSession.swift in Sources */,
				711541B5B4CD2B9D7E0AAB88 /* DesktopControlCoordinator.swift in Sources */,
				9DD92B3D250644E283ACA41F /* DesktopUpdateController.swift in Sources */,
				C6E8C861CEF6FDA8DC3E171B /* DictationModel.swift in Sources */,
				BDC04FAAC57E96A30CBA1EB7 /* NativeNotifications.swift in Sources */,
				D226DCB4EE269F9B6105C272 /* AuthView.swift in Sources */,
				936207D487E60F8DF774E0F8 /* BotInboxView.swift in Sources */,
				D6E4CF5BCB25201DE598A02C /* BrowserHandoffView.swift in Sources */,
				373F7AE65DBF4E3CEBC37C87 /* DesktopControlView.swift in Sources */,
				F6584B86D63FF2220565FD07 /* FeatureSheets.swift in Sources */,
				CD031AA242AA7790448DEBA4 /* GitHubSkillImportView.swift in Sources */,
				2A41BCB254A858376278BEA5 /* MainView.swift in Sources */,
				7A024D1EE0B686AE553EA82E /* MarkdownMessageView.swift in Sources */,
				DDD835CE7FAFBF5DA13B3422 /* ProviderLogoView.swift in Sources */,
				126EAE50E3365CAD14FFB397 /* SupportingFeatureSheets.swift in Sources */,
				0AC78EB79BE3A8C97333BBA3 /* Theme.swift in Sources */,
			);
			runOnlyForDeploymentPostprocessing = 0;
		};
		506B9BD8FCD2E0F2DB9D1C0F /* Sources */ = {
			isa = PBXSourcesBuildPhase;
			buildActionMask = 2147483647;
			files = (
				F556E08088C9231440552A25 /* HeyTimAppleTests.swift in Sources */,
			);
			runOnlyForDeploymentPostprocessing = 0;
		};
		D7DE99FEB74096BC630DD1AF /* Sources */ = {
			isa = PBXSourcesBuildPhase;
			buildActionMask = 2147483647;
			files = (
				B84D99535F4F569B71CF8E59 /* HeyTimAppleUITests.swift in Sources */,
			);
			runOnlyForDeploymentPostprocessing = 0;
		};
/* End PBXSourcesBuildPhase section */

/* Begin PBXTargetDependency section */
		6B185E7B204921C6BFA5B1A2 /* PBXTargetDependency */ = {
			isa = PBXTargetDependency;
			name = HeyTimApple;
			target = B21B244C4635F5B59FCF9877 /* HeyTimApple */;
			targetProxy = 5EB416A157BD990DF611F221 /* PBXContainerItemProxy */;
		};
		81406D9FB9E12CA8EE62C537 /* PBXTargetDependency */ = {
			isa = PBXTargetDependency;
			name = HeyTimApple;
			target = B21B244C4635F5B59FCF9877 /* HeyTimApple */;
			targetProxy = F4F4AFFC22F5E0CDCCFD2164 /* PBXContainerItemProxy */;
		};
/* End PBXTargetDependency section */

/* Begin XCBuildConfiguration section */
		2286987E4E261C7C4DBE7914 /* Debug */ = {
			isa = XCBuildConfiguration;
			buildSettings = {
				ALWAYS_SEARCH_USER_PATHS = NO;
				CLANG_ANALYZER_NONNULL = YES;
				CLANG_ANALYZER_NUMBER_OBJECT_CONVERSION = YES_AGGRESSIVE;
				CLANG_CXX_LANGUAGE_STANDARD = "gnu++14";
				CLANG_CXX_LIBRARY = "libc++";
				CLANG_ENABLE_MODULES = YES;
				CLANG_ENABLE_OBJC_ARC = YES;
				CLANG_ENABLE_OBJC_WEAK = YES;
				CLANG_WARN_BLOCK_CAPTURE_AUTORELEASING = YES;
				CLANG_WARN_BOOL_CONVERSION = YES;
				CLANG_WARN_COMMA = YES;
				CLANG_WARN_CONSTANT_CONVERSION = YES;
				CLANG_WARN_DEPRECATED_OBJC_IMPLEMENTATIONS = YES;
				CLANG_WARN_DIRECT_OBJC_ISA_USAGE = YES_ERROR;
				CLANG_WARN_DOCUMENTATION_COMMENTS = YES;
				CLANG_WARN_EMPTY_BODY = YES;
				CLANG_WARN_ENUM_CONVERSION = YES;
				CLANG_WARN_INFINITE_RECURSION = YES;
				CLANG_WARN_INT_CONVERSION = YES;
				CLANG_WARN_NON_LITERAL_NULL_CONVERSION = YES;
				CLANG_WARN_OBJC_IMPLICIT_RETAIN_SELF = YES;
				CLANG_WARN_OBJC_LITERAL_CONVERSION = YES;
				CLANG_WARN_OBJC_ROOT_CLASS = YES_ERROR;
				CLANG_WARN_QUOTED_INCLUDE_IN_FRAMEWORK_HEADER = YES;
				CLANG_WARN_RANGE_LOOP_ANALYSIS = YES;
				CLANG_WARN_STRICT_PROTOTYPES = YES;
				CLANG_WARN_SUSPICIOUS_MOVE = YES;
				CLANG_WARN_UNGUARDED_AVAILABILITY = YES_AGGRESSIVE;
				CLANG_WARN_UNREACHABLE_CODE = YES;
				CLANG_WARN__DUPLICATE_METHOD_MATCH = YES;
				COPY_PHASE_STRIP = NO;
				DEBUG_INFORMATION_FORMAT = dwarf;
				ENABLE_STRICT_OBJC_MSGSEND = YES;
				ENABLE_TESTABILITY = YES;
				GCC_C_LANGUAGE_STANDARD = gnu11;
				GCC_DYNAMIC_NO_PIC = NO;
				GCC_NO_COMMON_BLOCKS = YES;
				GCC_OPTIMIZATION_LEVEL = 0;
				GCC_PREPROCESSOR_DEFINITIONS = (
					"DEBUG=1",
					"$(inherited)",
				);
				GCC_WARN_64_TO_32_BIT_CONVERSION = YES;
				GCC_WARN_ABOUT_RETURN_TYPE = YES_ERROR;
				GCC_WARN_UNDECLARED_SELECTOR = YES;
				GCC_WARN_UNINITIALIZED_AUTOS = YES_AGGRESSIVE;
				GCC_WARN_UNUSED_FUNCTION = YES;
				GCC_WARN_UNUSED_VARIABLE = YES;
				MTL_ENABLE_DEBUG_INFO = INCLUDE_SOURCE;
				MTL_FAST_MATH = YES;
				ONLY_ACTIVE_ARCH = YES;
				PRODUCT_NAME = "$(TARGET_NAME)";
				SWIFT_ACTIVE_COMPILATION_CONDITIONS = DEBUG;
				SWIFT_OPTIMIZATION_LEVEL = "-Onone";
				SWIFT_VERSION = 5.0;
			};
			name = Debug;
		};
		44D1D89F67926B31E9434B29 /* Debug */ = {
			isa = XCBuildConfiguration;
			buildSettings = {
				ASSETCATALOG_COMPILER_APPICON_NAME = AppIcon;
				ASSETCATALOG_COMPILER_GLOBAL_ACCENT_COLOR_NAME = AccentColor;
				CLANG_ENABLE_MODULES = YES;
				CLANG_ENABLE_OBJC_WEAK = NO;
				"CODE_SIGN_ENTITLEMENTS[sdk=iphoneos*]" = "Resources/HeyTim-iOS.entitlements";
				"CODE_SIGN_ENTITLEMENTS[sdk=iphonesimulator*]" = "Resources/HeyTim-iOS.entitlements";
				"CODE_SIGN_ENTITLEMENTS[sdk=macosx*]" = "Resources/HeyTim-macOS.entitlements";
				CURRENT_PROJECT_VERSION = 202609130148;
				"ENABLE_APP_SANDBOX[sdk=macosx*]" = NO;
				"ENABLE_HARDENED_RUNTIME[sdk=macosx*]" = YES;
				ENABLE_USER_SCRIPT_SANDBOXING = YES;
				"ENABLE_USER_SCRIPT_SANDBOXING[sdk=iphoneos*]" = NO;
				"ENABLE_USER_SCRIPT_SANDBOXING[sdk=macosx*]" = NO;
				"HEYTIM_SPARKLE_FEED_URL[sdk=macosx*]" = "https://github.com/tmoreton/heytim/releases/latest/download/appcast.xml";
				"HEYTIM_SPARKLE_PUBLIC_KEY[sdk=macosx*]" = "bh9EUBu0gc+V/RonsZAGbcF+/uwvBCP19T3agE7T83A=";
				INFOPLIST_FILE = Resources/Info.plist;
				"INFOPLIST_FILE[sdk=macosx*]" = "Resources/Info-macOS.plist";
				IPHONEOS_DEPLOYMENT_TARGET = 17.0;
				LD_RUNPATH_SEARCH_PATHS = "$(inherited) @executable_path/Frameworks";
				"LD_RUNPATH_SEARCH_PATHS[sdk=macosx*]" = "$(inherited) @executable_path/../Frameworks";
				MACOSX_DEPLOYMENT_TARGET = 14.0;
				MARKETING_VERSION = 1.0.1;
				PRODUCT_BUNDLE_IDENTIFIER = ai.heytim.app;
				PRODUCT_MODULE_NAME = HeyTimApple;
				PRODUCT_NAME = HeyTim;
				REGISTER_APP_GROUPS = NO;
				SDKROOT = auto;
				SUPPORTED_PLATFORMS = "iphoneos iphonesimulator macosx";
				SWIFT_STRICT_CONCURRENCY = complete;
				SWIFT_VERSION = 6.0;
				TARGETED_DEVICE_FAMILY = 1;
			};
			name = Debug;
		};
		667846220724543412A37768 /* Release */ = {
			isa = XCBuildConfiguration;
			buildSettings = {
				CLANG_ENABLE_MODULES = YES;
				CLANG_ENABLE_OBJC_WEAK = NO;
				ENABLE_USER_SCRIPT_SANDBOXING = YES;
				GENERATE_INFOPLIST_FILE = YES;
				IPHONEOS_DEPLOYMENT_TARGET = 17.0;
				MACOSX_DEPLOYMENT_TARGET = 14.0;
				PRODUCT_BUNDLE_IDENTIFIER = ai.heytim.app.uitests;
				SDKROOT = auto;
				SUPPORTED_PLATFORMS = "iphoneos iphonesimulator macosx";
				SWIFT_STRICT_CONCURRENCY = complete;
				SWIFT_VERSION = 6.0;
				TARGETED_DEVICE_FAMILY = 1;
				TEST_TARGET_NAME = HeyTimApple;
				VALIDATE_PRODUCT = YES;
			};
			name = Release;
		};
		7D70B77E4A60AC2C610BAD5A /* Release */ = {
			isa = XCBuildConfiguration;
			buildSettings = {
				BUNDLE_LOADER = "$(TEST_HOST)";
				CLANG_ENABLE_MODULES = YES;
				CLANG_ENABLE_OBJC_WEAK = NO;
				ENABLE_USER_SCRIPT_SANDBOXING = YES;
				GENERATE_INFOPLIST_FILE = YES;
				IPHONEOS_DEPLOYMENT_TARGET = 17.0;
				MACOSX_DEPLOYMENT_TARGET = 14.0;
				PRODUCT_BUNDLE_IDENTIFIER = ai.heytim.app.tests;
				SDKROOT = auto;
				SUPPORTED_PLATFORMS = "iphoneos iphonesimulator macosx";
				SWIFT_STRICT_CONCURRENCY = complete;
				SWIFT_VERSION = 6.0;
				TARGETED_DEVICE_FAMILY = 1;
				"TEST_HOST[sdk=iphoneos*]" = "$(BUILT_PRODUCTS_DIR)/HeyTim.app/HeyTim";
				"TEST_HOST[sdk=iphonesimulator*]" = "$(BUILT_PRODUCTS_DIR)/HeyTim.app/HeyTim";
				"TEST_HOST[sdk=macosx*]" = "$(BUILT_PRODUCTS_DIR)/HeyTim.app/Contents/MacOS/HeyTim";
				VALIDATE_PRODUCT = YES;
			};
			name = Release;
		};
		98E7AB17A1EC85C3B521266F /* Release */ = {
			isa = XCBuildConfiguration;
			buildSettings = {
				ASSETCATALOG_COMPILER_APPICON_NAME = AppIcon;
				ASSETCATALOG_COMPILER_GLOBAL_ACCENT_COLOR_NAME = AccentColor;
				CLANG_ENABLE_MODULES = YES;
				CLANG_ENABLE_OBJC_WEAK = NO;
				"CODE_SIGN_ENTITLEMENTS[sdk=iphoneos*]" = "Resources/HeyTim-iOS-Release.entitlements";
				"CODE_SIGN_ENTITLEMENTS[sdk=iphonesimulator*]" = "Resources/HeyTim-iOS.entitlements";
				"CODE_SIGN_ENTITLEMENTS[sdk=macosx*]" = "Resources/HeyTim-macOS-Release.entitlements";
				CURRENT_PROJECT_VERSION = 202609130148;
				"ENABLE_APP_SANDBOX[sdk=macosx*]" = NO;
				"ENABLE_HARDENED_RUNTIME[sdk=macosx*]" = YES;
				ENABLE_USER_SCRIPT_SANDBOXING = YES;
				"ENABLE_USER_SCRIPT_SANDBOXING[sdk=iphoneos*]" = NO;
				"ENABLE_USER_SCRIPT_SANDBOXING[sdk=macosx*]" = NO;
				"HEYTIM_SPARKLE_FEED_URL[sdk=macosx*]" = "https://github.com/tmoreton/heytim/releases/latest/download/appcast.xml";
				"HEYTIM_SPARKLE_PUBLIC_KEY[sdk=macosx*]" = "bh9EUBu0gc+V/RonsZAGbcF+/uwvBCP19T3agE7T83A=";
				INFOPLIST_FILE = Resources/Info.plist;
				"INFOPLIST_FILE[sdk=macosx*]" = "Resources/Info-macOS.plist";
				IPHONEOS_DEPLOYMENT_TARGET = 17.0;
				LD_RUNPATH_SEARCH_PATHS = "$(inherited) @executable_path/Frameworks";
				"LD_RUNPATH_SEARCH_PATHS[sdk=macosx*]" = "$(inherited) @executable_path/../Frameworks";
				MACOSX_DEPLOYMENT_TARGET = 14.0;
				MARKETING_VERSION = 1.0.1;
				PRODUCT_BUNDLE_IDENTIFIER = ai.heytim.app;
				PRODUCT_MODULE_NAME = HeyTimApple;
				PRODUCT_NAME = HeyTim;
				REGISTER_APP_GROUPS = NO;
				SDKROOT = auto;
				SUPPORTED_PLATFORMS = "iphoneos iphonesimulator macosx";
				SWIFT_STRICT_CONCURRENCY = complete;
				SWIFT_VERSION = 6.0;
				TARGETED_DEVICE_FAMILY = 1;
				VALIDATE_PRODUCT = YES;
			};
			name = Release;
		};
		B3DC8522A1C876080FB4FD3F /* Release */ = {
			isa = XCBuildConfiguration;
			buildSettings = {
				ALWAYS_SEARCH_USER_PATHS = NO;
				CLANG_ANALYZER_NONNULL = YES;
				CLANG_ANALYZER_NUMBER_OBJECT_CONVERSION = YES_AGGRESSIVE;
				CLANG_CXX_LANGUAGE_STANDARD = "gnu++14";
				CLANG_CXX_LIBRARY = "libc++";
				CLANG_ENABLE_MODULES = YES;
				CLANG_ENABLE_OBJC_ARC = YES;
				CLANG_ENABLE_OBJC_WEAK = YES;
				CLANG_WARN_BLOCK_CAPTURE_AUTORELEASING = YES;
				CLANG_WARN_BOOL_CONVERSION = YES;
				CLANG_WARN_COMMA = YES;
				CLANG_WARN_CONSTANT_CONVERSION = YES;
				CLANG_WARN_DEPRECATED_OBJC_IMPLEMENTATIONS = YES;
				CLANG_WARN_DIRECT_OBJC_ISA_USAGE = YES_ERROR;
				CLANG_WARN_DOCUMENTATION_COMMENTS = YES;
				CLANG_WARN_EMPTY_BODY = YES;
				CLANG_WARN_ENUM_CONVERSION = YES;
				CLANG_WARN_INFINITE_RECURSION = YES;
				CLANG_WARN_INT_CONVERSION = YES;
				CLANG_WARN_NON_LITERAL_NULL_CONVERSION = YES;
				CLANG_WARN_OBJC_IMPLICIT_RETAIN_SELF = YES;
				CLANG_WARN_OBJC_LITERAL_CONVERSION = YES;
				CLANG_WARN_OBJC_ROOT_CLASS = YES_ERROR;
				CLANG_WARN_QUOTED_INCLUDE_IN_FRAMEWORK_HEADER = YES;
				CLANG_WARN_RANGE_LOOP_ANALYSIS = YES;
				CLANG_WARN_STRICT_PROTOTYPES = YES;
				CLANG_WARN_SUSPICIOUS_MOVE = YES;
				CLANG_WARN_UNGUARDED_AVAILABILITY = YES_AGGRESSIVE;
				CLANG_WARN_UNREACHABLE_CODE = YES;
				CLANG_WARN__DUPLICATE_METHOD_MATCH = YES;
				COPY_PHASE_STRIP = NO;
				DEBUG_INFORMATION_FORMAT = "dwarf-with-dsym";
				ENABLE_NS_ASSERTIONS = NO;
				ENABLE_STRICT_OBJC_MSGSEND = YES;
				GCC_C_LANGUAGE_STANDARD = gnu11;
				GCC_NO_COMMON_BLOCKS = YES;
				GCC_WARN_64_TO_32_BIT_CONVERSION = YES;
				GCC_WARN_ABOUT_RETURN_TYPE = YES_ERROR;
				GCC_WARN_UNDECLARED_SELECTOR = YES;
				GCC_WARN_UNINITIALIZED_AUTOS = YES_AGGRESSIVE;
				GCC_WARN_UNUSED_FUNCTION = YES;
				GCC_WARN_UNUSED_VARIABLE = YES;
				MTL_ENABLE_DEBUG_INFO = NO;
				MTL_FAST_MATH = YES;
				PRODUCT_NAME = "$(TARGET_NAME)";
				SWIFT_COMPILATION_MODE = wholemodule;
				SWIFT_OPTIMIZATION_LEVEL = "-O";
				SWIFT_VERSION = 5.0;
			};
			name = Release;
		};
		D8FC01143D850E59AE5DA7FE /* Debug */ = {
			isa = XCBuildConfiguration;
			buildSettings = {
				CLANG_ENABLE_MODULES = YES;
				CLANG_ENABLE_OBJC_WEAK = NO;
				ENABLE_USER_SCRIPT_SANDBOXING = YES;
				GENERATE_INFOPLIST_FILE = YES;
				IPHONEOS_DEPLOYMENT_TARGET = 17.0;
				MACOSX_DEPLOYMENT_TARGET = 14.0;
				PRODUCT_BUNDLE_IDENTIFIER = ai.heytim.app.uitests;
				SDKROOT = auto;
				SUPPORTED_PLATFORMS = "iphoneos iphonesimulator macosx";
				SWIFT_STRICT_CONCURRENCY = complete;
				SWIFT_VERSION = 6.0;
				TARGETED_DEVICE_FAMILY = 1;
				TEST_TARGET_NAME = HeyTimApple;
			};
			name = Debug;
		};
		ED7AC7BB36A6EA4B7469C7E6 /* Debug */ = {
			isa = XCBuildConfiguration;
			buildSettings = {
				BUNDLE_LOADER = "$(TEST_HOST)";
				CLANG_ENABLE_MODULES = YES;
				CLANG_ENABLE_OBJC_WEAK = NO;
				ENABLE_USER_SCRIPT_SANDBOXING = YES;
				GENERATE_INFOPLIST_FILE = YES;
				IPHONEOS_DEPLOYMENT_TARGET = 17.0;
				MACOSX_DEPLOYMENT_TARGET = 14.0;
				PRODUCT_BUNDLE_IDENTIFIER = ai.heytim.app.tests;
				SDKROOT = auto;
				SUPPORTED_PLATFORMS = "iphoneos iphonesimulator macosx";
				SWIFT_STRICT_CONCURRENCY = complete;
				SWIFT_VERSION = 6.0;
				TARGETED_DEVICE_FAMILY = 1;
				"TEST_HOST[sdk=iphoneos*]" = "$(BUILT_PRODUCTS_DIR)/HeyTim.app/HeyTim";
				"TEST_HOST[sdk=iphonesimulator*]" = "$(BUILT_PRODUCTS_DIR)/HeyTim.app/HeyTim";
				"TEST_HOST[sdk=macosx*]" = "$(BUILT_PRODUCTS_DIR)/HeyTim.app/Contents/MacOS/HeyTim";
			};
			name = Debug;
		};
/* End XCBuildConfiguration section */

/* Begin XCConfigurationList section */
		4A99039A6C0540A0ACD576B3 /* Build configuration list for PBXNativeTarget "HeyTimAppleTests" */ = {
			isa = XCConfigurationList;
			buildConfigurations = (
				7D70B77E4A60AC2C610BAD5A /* Release */,
				ED7AC7BB36A6EA4B7469C7E6 /* Debug */,
			);
			defaultConfigurationIsVisible = 0;
			defaultConfigurationName = Release;
		};
		54F626322B895248B7DE8C9A /* Build configuration list for PBXNativeTarget "HeyTimApple" */ = {
			isa = XCConfigurationList;
			buildConfigurations = (
				98E7AB17A1EC85C3B521266F /* Release */,
				44D1D89F67926B31E9434B29 /* Debug */,
			);
			defaultConfigurationIsVisible = 0;
			defaultConfigurationName = Release;
		};
		61C491C65E8AAA920EE5B123 /* Build configuration list for PBXProject "HeyTimApple" */ = {
			isa = XCConfigurationList;
			buildConfigurations = (
				2286987E4E261C7C4DBE7914 /* Debug */,
				B3DC8522A1C876080FB4FD3F /* Release */,
			);
			defaultConfigurationIsVisible = 0;
			defaultConfigurationName = Release;
		};
		CB45CF227A1A852ACE35D532 /* Build configuration list for PBXNativeTarget "HeyTimAppleUITests" */ = {
			isa = XCConfigurationList;
			buildConfigurations = (
				667846220724543412A37768 /* Release */,
				D8FC01143D850E59AE5DA7FE /* Debug */,
			);
			defaultConfigurationIsVisible = 0;
			defaultConfigurationName = Release;
		};
/* End XCConfigurationList section */

/* Begin XCLocalSwiftPackageReference section */
		74ECBEC6CF6997103CEEE4A2 /* XCLocalSwiftPackageReference "heytim-transcription" */ = {
			isa = XCLocalSwiftPackageReference;
			relativePath = "../../packages/heytim-transcription";
		};
/* End XCLocalSwiftPackageReference section */

/* Begin XCRemoteSwiftPackageReference section */
		798F35964CF77BD3FE59679C /* XCRemoteSwiftPackageReference "FluidUse" */ = {
			isa = XCRemoteSwiftPackageReference;
			repositoryURL = "https://github.com/FluidInference/FluidUse.git";
			requirement = {
				kind = revision;
				revision = e9e95935075b626a203bb20c0645975be23f15b1;
			};
		};
		B38DCAF378D5298F5E6A6387 /* XCRemoteSwiftPackageReference "Sparkle" */ = {
			isa = XCRemoteSwiftPackageReference;
			repositoryURL = "https://github.com/sparkle-project/Sparkle.git";
			requirement = {
				kind = exactVersion;
				version = 2.10.0;
			};
		};
/* End XCRemoteSwiftPackageReference section */

/* Begin XCSwiftPackageProductDependency section */
		2A2C38FED5C602C82F5247EF /* FluidUse */ = {
			isa = XCSwiftPackageProductDependency;
			package = 798F35964CF77BD3FE59679C /* XCRemoteSwiftPackageReference "FluidUse" */;
			productName = FluidUse;
		};
		66CFD41F776C3D449DE08FBB /* Sparkle */ = {
			isa = XCSwiftPackageProductDependency;
			package = B38DCAF378D5298F5E6A6387 /* XCRemoteSwiftPackageReference "Sparkle" */;
			productName = Sparkle;
		};
		CAA3ABF670AC3C0EF120CEA9 /* HeyTimParakeet */ = {
			isa = XCSwiftPackageProductDependency;
			package = 74ECBEC6CF6997103CEEE4A2 /* XCLocalSwiftPackageReference "heytim-transcription" */;
			productName = HeyTimParakeet;
		};
/* End XCSwiftPackageProductDependency section */
	};
	rootObject = 3E2D4CEC98E3281508563341 /* Project object */;
}
