{
  "name": "@froggybot/preview",
  "version": "1.0.0",
  "lockfileVersion": 3,
  "requires": true,
  "packages": {
    "": {
      "name": "@froggybot/preview",
      "version": "1.0.0",
      "dependencies": {
        "@froggybot/client": "file:../froggybot-client",
        "@froggybot/contracts": "file:../froggybot-contract"
      },
      "engines": {
        "node": ">=22.13 <25"
      }
    },
    "../froggybot-client": {
      "name": "@froggybot/client",
      "version": "1.0.0",
      "dependencies": {
        "@froggybot/contracts": "file:../froggybot-contract"
      },
      "engines": {
        "node": ">=22.13 <25"
      }
    },
    "../froggybot-contract": {
      "name": "@froggybot/contracts",
      "version": "1.0.0",
      "engines": {
        "node": ">=22.13 <25"
      }
    },
    "node_modules/@froggybot/client": {
      "resolved": "../froggybot-client",
      "link": true
    },
    "node_modules/@froggybot/contracts": {
      "resolved": "../froggybot-contract",
      "link": true
    }
  }
}
